// !$*UTF8*$!
{
	archiveVersion = 1;
	classes = {
	};
	objectVersion = 46;
	objects = {

/* Begin PBXBuildFile section */
		0F1FFD3F18FC18FE0038502B /* FHImageScrollView.m in Sources */ = {isa = PBXBuildFile; fileRef = 0F1FFD3E18FC18FE0038502B /* FHImageScrollView.m */; };
		0F1FFD4518FC2FE70038502B /* FHImageView.m in Sources */ = {isa = PBXBuildFile; fileRef = 0F1FFD4118FC2FE70038502B /* FHImageView.m */; };
		0F1FFD4618FC2FE70038502B /* FHContentImageView.m in Sources */ = {isa = PBXBuildFile; fileRef = 0F1FFD4318FC2FE70038502B /* FHContentImageView.m */; };
		0F1FFD4918FC2FF80038502B /* FHTimelinePostCell.m in Sources */ = {isa = PBXBuildFile; fileRef = 0F1FFD4818FC2FF80038502B /* FHTimelinePostCell.m */; };
		0F1FFD4C18FC304E0038502B /* FHSImageView.m in Sources */ = {isa = PBXBuildFile; fileRef = 0F1FFD4B18FC304E0038502B /* FHSImageView.m */; };
		0F2A46FE18DAE28A00BCEC71 /* FHUser.m in Sources */ = {isa = PBXBuildFile; fileRef = 0F2A46FD18DAE28A00BCEC71 /* FHUser.m */; };
		0F2D157C18EAF66200FBD443 /* SMPageControl.m in Sources */ = {isa = PBXBuildFile; fileRef = 0F2D157A18EAF66200FBD443 /* SMPageControl.m */; };
		0F2D3A0518F5AA410062DA81 /* emotionImage.plist in Resources */ = {isa = PBXBuildFile; fileRef = 0F2D39B018F5AA410062DA81 /* emotionImage.plist */; };
		0F2D3A0618F5AA410062DA81 /* face10@2x.png in Resources */ = {isa = PBXBuildFile; fileRef = 0F2D39B118F5AA410062DA81 /* face10@2x.png */; };
		0F2D3A0718F5AA410062DA81 /* face11@2x.png in Resources */ = {isa = PBXBuildFile; fileRef = 0F2D39B218F5AA410062DA81 /* face11@2x.png */; };
		0F2D3A0818F5AA410062DA81 /* face12@2x.png in Resources */ = {isa = PBXBuildFile; fileRef = 0F2D39B318F5AA410062DA81 /* face12@2x.png */; };
		0F2D3A0918F5AA410062DA81 /* face13@2x.png in Resources */ = {isa = PBXBuildFile; fileRef = 0F2D39B418F5AA410062DA81 /* face13@2x.png */; };
		0F2D3A0A18F5AA410062DA81 /* face14@2x.png in Resources */ = {isa = PBXBuildFile; fileRef = 0F2D39B518F5AA410062DA81 /* face14@2x.png */; };
		0F2D3A0B18F5AA410062DA81 /* face15@2x.png in Resources */ = {isa = PBXBuildFile; fileRef = 0F2D39B618F5AA410062DA81 /* face15@2x.png */; };
		0F2D3A0C18F5AA410062DA81 /* face16@2x.png in Resources */ = {isa = PBXBuildFile; fileRef = 0F2D39B718F5AA410062DA81 /* face16@2x.png */; };
		0F2D3A0D18F5AA410062DA81 /* face17@2x.png in Resources */ = {isa = PBXBuildFile; fileRef = 0F2D39B818F5AA410062DA81 /* face17@2x.png */; };
		0F2D3A0E18F5AA410062DA81 /* face18@2x.png in Resources */ = {isa = PBXBuildFile; fileRef = 0F2D39B918F5AA410062DA81 /* face18@2x.png */; };
		0F2D3A0F18F5AA410062DA81 /* face19@2x.png in Resources */ = {isa = PBXBuildFile; fileRef = 0F2D39BA18F5AA410062DA81 /* face19@2x.png */; };
		0F2D3A1018F5AA410062DA81 /* face1@2x.png in Resources */ = {isa = PBXBuildFile; fileRef = 0F2D39BB18F5AA410062DA81 /* face1@2x.png */; };
		0F2D3A1118F5AA410062DA81 /* face20@2x.png in Resources */ = {isa = PBXBuildFile; fileRef = 0F2D39BC18F5AA410062DA81 /* face20@2x.png */; };
		0F2D3A1218F5AA410062DA81 /* face21@2x.png in Resources */ = {isa = PBXBuildFile; fileRef = 0F2D39BD18F5AA410062DA81 /* face21@2x.png */; };
		0F2D3A1318F5AA410062DA81 /* face22@2x.png in Resources */ = {isa = PBXBuildFile; fileRef = 0F2D39BE18F5AA410062DA81 /* face22@2x.png */; };
		0F2D3A1418F5AA410062DA81 /* face23@2x.png in Resources */ = {isa = PBXBuildFile; fileRef = 0F2D39BF18F5AA410062DA81 /* face23@2x.png */; };
		0F2D3A1518F5AA410062DA81 /* face24@2x.png in Resources */ = {isa = PBXBuildFile; fileRef = 0F2D39C018F5AA410062DA81 /* face24@2x.png */; };
		0F2D3A1618F5AA410062DA81 /* face25@2x.png in Resources */ = {isa = PBXBuildFile; fileRef = 0F2D39C118F5AA410062DA81 /* face25@2x.png */; };
		0F2D3A1718F5AA410062DA81 /* face26@2x.png in Resources */ = {isa = PBXBuildFile; fileRef = 0F2D39C218F5AA410062DA81 /* face26@2x.png */; };
		0F2D3A1818F5AA410062DA81 /* face27@2x.png in Resources */ = {isa = PBXBuildFile; fileRef = 0F2D39C318F5AA410062DA81 /* face27@2x.png */; };
		0F2D3A1918F5AA410062DA81 /* face28@2x.png in Resources */ = {isa = PBXBuildFile; fileRef = 0F2D39C418F5AA410062DA81 /* face28@2x.png */; };
		0F2D3A1A18F5AA410062DA81 /* face29@2x.png in Resources */ = {isa = PBXBuildFile; fileRef = 0F2D39C518F5AA410062DA81 /* face29@2x.png */; };
		0F2D3A1B18F5AA410062DA81 /* face2@2x.png in Resources */ = {isa = PBXBuildFile; fileRef = 0F2D39C618F5AA410062DA81 /* face2@2x.png */; };
		0F2D3A1C18F5AA410062DA81 /* face30@2x.png in Resources */ = {isa = PBXBuildFile; fileRef = 0F2D39C718F5AA410062DA81 /* face30@2x.png */; };
		0F2D3A1D18F5AA410062DA81 /* face31@2x.png in Resources */ = {isa = PBXBuildFile; fileRef = 0F2D39C818F5AA410062DA81 /* face31@2x.png */; };
		0F2D3A1E18F5AA410062DA81 /* face32@2x.png in Resources */ = {isa = PBXBuildFile; fileRef = 0F2D39C918F5AA410062DA81 /* face32@2x.png */; };
		0F2D3A1F18F5AA410062DA81 /* face33@2x.png in Resources */ = {isa = PBXBuildFile; fileRef = 0F2D39CA18F5AA410062DA81 /* face33@2x.png */; };
		0F2D3A2018F5AA410062DA81 /* face34@2x.png in Resources */ = {isa = PBXBuildFile; fileRef = 0F2D39CB18F5AA410062DA81 /* face34@2x.png */; };
		0F2D3A2118F5AA410062DA81 /* face35@2x.png in Resources */ = {isa = PBXBuildFile; fileRef = 0F2D39CC18F5AA410062DA81 /* face35@2x.png */; };
		0F2D3A2218F5AA410062DA81 /* face36@2x.png in Resources */ = {isa = PBXBuildFile; fileRef = 0F2D39CD18F5AA410062DA81 /* face36@2x.png */; };
		0F2D3A2318F5AA410062DA81 /* face37@2x.png in Resources */ = {isa = PBXBuildFile; fileRef = 0F2D39CE18F5AA410062DA81 /* face37@2x.png */; };
		0F2D3A2418F5AA410062DA81 /* face38@2x.png in Resources */ = {isa = PBXBuildFile; fileRef = 0F2D39CF18F5AA410062DA81 /* face38@2x.png */; };
		0F2D3A2518F5AA410062DA81 /* face39@2x.png in Resources */ = {isa = PBXBuildFile; fileRef = 0F2D39D018F5AA410062DA81 /* face39@2x.png */; };
		0F2D3A2618F5AA410062DA81 /* face3@2x.png in Resources */ = {isa = PBXBuildFile; fileRef = 0F2D39D118F5AA410062DA81 /* face3@2x.png */; };
		0F2D3A2718F5AA410062DA81 /* face40@2x.png in Resources */ = {isa = PBXBuildFile; fileRef = 0F2D39D218F5AA410062DA81 /* face40@2x.png */; };
		0F2D3A2818F5AA410062DA81 /* face41@2x.png in Resources */ = {isa = PBXBuildFile; fileRef = 0F2D39D318F5AA410062DA81 /* face41@2x.png */; };
		0F2D3A2918F5AA410062DA81 /* face42@2x.png in Resources */ = {isa = PBXBuildFile; fileRef = 0F2D39D418F5AA410062DA81 /* face42@2x.png */; };
		0F2D3A2A18F5AA410062DA81 /* face43@2x.png in Resources */ = {isa = PBXBuildFile; fileRef = 0F2D39D518F5AA410062DA81 /* face43@2x.png */; };
		0F2D3A2B18F5AA410062DA81 /* face44@2x.png in Resources */ = {isa = PBXBuildFile; fileRef = 0F2D39D618F5AA410062DA81 /* face44@2x.png */; };
		0F2D3A2C18F5AA410062DA81 /* face45@2x.png in Resources */ = {isa = PBXBuildFile; fileRef = 0F2D39D718F5AA410062DA81 /* face45@2x.png */; };
		0F2D3A2D18F5AA410062DA81 /* face46@2x.png in Resources */ = {isa = PBXBuildFile; fileRef = 0F2D39D818F5AA410062DA81 /* face46@2x.png */; };
		0F2D3A2E18F5AA410062DA81 /* face47@2x.png in Resources */ = {isa = PBXBuildFile; fileRef = 0F2D39D918F5AA410062DA81 /* face47@2x.png */; };
		0F2D3A2F18F5AA410062DA81 /* face48@2x.png in Resources */ = {isa = PBXBuildFile; fileRef = 0F2D39DA18F5AA410062DA81 /* face48@2x.png */; };
		0F2D3A3018F5AA410062DA81 /* face49@2x.png in Resources */ = {isa = PBXBuildFile; fileRef = 0F2D39DB18F5AA410062DA81 /* face49@2x.png */; };
		0F2D3A3118F5AA410062DA81 /* face4@2x.png in Resources */ = {isa = PBXBuildFile; fileRef = 0F2D39DC18F5AA410062DA81 /* face4@2x.png */; };
		0F2D3A3218F5AA410062DA81 /* face50@2x.png in Resources */ = {isa = PBXBuildFile; fileRef = 0F2D39DD18F5AA410062DA81 /* face50@2x.png */; };
		0F2D3A3318F5AA410062DA81 /* face51@2x.png in Resources */ = {isa = PBXBuildFile; fileRef = 0F2D39DE18F5AA410062DA81 /* face51@2x.png */; };
		0F2D3A3418F5AA410062DA81 /* face52@2x.png in Resources */ = {isa = PBXBuildFile; fileRef = 0F2D39DF18F5AA410062DA81 /* face52@2x.png */; };
		0F2D3A3518F5AA410062DA81 /* face53@2x.png in Resources */ = {isa = PBXBuildFile; fileRef = 0F2D39E018F5AA410062DA81 /* face53@2x.png */; };
		0F2D3A3618F5AA410062DA81 /* face54@2x.png in Resources */ = {isa = PBXBuildFile; fileRef = 0F2D39E118F5AA410062DA81 /* face54@2x.png */; };
		0F2D3A3718F5AA410062DA81 /* face55@2x.png in Resources */ = {isa = PBXBuildFile; fileRef = 0F2D39E218F5AA410062DA81 /* face55@2x.png */; };
		0F2D3A3818F5AA410062DA81 /* face56@2x.png in Resources */ = {isa = PBXBuildFile; fileRef = 0F2D39E318F5AA410062DA81 /* face56@2x.png */; };
		0F2D3A3918F5AA410062DA81 /* face57@2x.png in Resources */ = {isa = PBXBuildFile; fileRef = 0F2D39E418F5AA410062DA81 /* face57@2x.png */; };
		0F2D3A3A18F5AA410062DA81 /* face58@2x.png in Resources */ = {isa = PBXBuildFile; fileRef = 0F2D39E518F5AA410062DA81 /* face58@2x.png */; };
		0F2D3A3B18F5AA410062DA81 /* face59@2x.png in Resources */ = {isa = PBXBuildFile; fileRef = 0F2D39E618F5AA410062DA81 /* face59@2x.png */; };
		0F2D3A3C18F5AA410062DA81 /* face5@2x.png in Resources */ = {isa = PBXBuildFile; fileRef = 0F2D39E718F5AA410062DA81 /* face5@2x.png */; };
		0F2D3A3D18F5AA410062DA81 /* face60@2x.png in Resources */ = {isa = PBXBuildFile; fileRef = 0F2D39E818F5AA410062DA81 /* face60@2x.png */; };
		0F2D3A3E18F5AA410062DA81 /* face61@2x.png in Resources */ = {isa = PBXBuildFile; fileRef = 0F2D39E918F5AA410062DA81 /* face61@2x.png */; };
		0F2D3A3F18F5AA410062DA81 /* face62@2x.png in Resources */ = {isa = PBXBuildFile; fileRef = 0F2D39EA18F5AA410062DA81 /* face62@2x.png */; };
		0F2D3A4018F5AA410062DA81 /* face63@2x.png in Resources */ = {isa = PBXBuildFile; fileRef = 0F2D39EB18F5AA410062DA81 /* face63@2x.png */; };
		0F2D3A4118F5AA410062DA81 /* face64@2x.png in Resources */ = {isa = PBXBuildFile; fileRef = 0F2D39EC18F5AA410062DA81 /* face64@2x.png */; };
		0F2D3A4218F5AA410062DA81 /* face65@2x.png in Resources */ = {isa = PBXBuildFile; fileRef = 0F2D39ED18F5AA410062DA81 /* face65@2x.png */; };
		0F2D3A4318F5AA410062DA81 /* face66@2x.png in Resources */ = {isa = PBXBuildFile; fileRef = 0F2D39EE18F5AA410062DA81 /* face66@2x.png */; };
		0F2D3A4418F5AA410062DA81 /* face67@2x.png in Resources */ = {isa = PBXBuildFile; fileRef = 0F2D39EF18F5AA410062DA81 /* face67@2x.png */; };
		0F2D3A4518F5AA410062DA81 /* face68@2x.png in Resources */ = {isa = PBXBuildFile; fileRef = 0F2D39F018F5AA410062DA81 /* face68@2x.png */; };
		0F2D3A4618F5AA410062DA81 /* face69@2x.png in Resources */ = {isa = PBXBuildFile; fileRef = 0F2D39F118F5AA410062DA81 /* face69@2x.png */; };
		0F2D3A4718F5AA410062DA81 /* face6@2x.png in Resources */ = {isa = PBXBuildFile; fileRef = 0F2D39F218F5AA410062DA81 /* face6@2x.png */; };
		0F2D3A4818F5AA410062DA81 /* face70@2x.png in Resources */ = {isa = PBXBuildFile; fileRef = 0F2D39F318F5AA410062DA81 /* face70@2x.png */; };
		0F2D3A4918F5AA410062DA81 /* face71@2x.png in Resources */ = {isa = PBXBuildFile; fileRef = 0F2D39F418F5AA410062DA81 /* face71@2x.png */; };
		0F2D3A4A18F5AA410062DA81 /* face72@2x.png in Resources */ = {isa = PBXBuildFile; fileRef = 0F2D39F518F5AA410062DA81 /* face72@2x.png */; };
		0F2D3A4B18F5AA410062DA81 /* face73@2x.png in Resources */ = {isa = PBXBuildFile; fileRef = 0F2D39F618F5AA410062DA81 /* face73@2x.png */; };
		0F2D3A4C18F5AA410062DA81 /* face74@2x.png in Resources */ = {isa = PBXBuildFile; fileRef = 0F2D39F718F5AA410062DA81 /* face74@2x.png */; };
		0F2D3A4D18F5AA410062DA81 /* face75@2x.png in Resources */ = {isa = PBXBuildFile; fileRef = 0F2D39F818F5AA410062DA81 /* face75@2x.png */; };
		0F2D3A4E18F5AA410062DA81 /* face76@2x.png in Resources */ = {isa = PBXBuildFile; fileRef = 0F2D39F918F5AA410062DA81 /* face76@2x.png */; };
		0F2D3A4F18F5AA410062DA81 /* face77@2x.png in Resources */ = {isa = PBXBuildFile; fileRef = 0F2D39FA18F5AA410062DA81 /* face77@2x.png */; };
		0F2D3A5018F5AA410062DA81 /* face78@2x.png in Resources */ = {isa = PBXBuildFile; fileRef = 0F2D39FB18F5AA410062DA81 /* face78@2x.png */; };
		0F2D3A5118F5AA410062DA81 /* face79@2x.png in Resources */ = {isa = PBXBuildFile; fileRef = 0F2D39FC18F5AA410062DA81 /* face79@2x.png */; };
		0F2D3A5218F5AA410062DA81 /* face7@2x.png in Resources */ = {isa = PBXBuildFile; fileRef = 0F2D39FD18F5AA410062DA81 /* face7@2x.png */; };
		0F2D3A5318F5AA410062DA81 /* face80@2x.png in Resources */ = {isa = PBXBuildFile; fileRef = 0F2D39FE18F5AA410062DA81 /* face80@2x.png */; };
		0F2D3A5418F5AA410062DA81 /* face81@2x.png in Resources */ = {isa = PBXBuildFile; fileRef = 0F2D39FF18F5AA410062DA81 /* face81@2x.png */; };
		0F2D3A5518F5AA410062DA81 /* face82@2x.png in Resources */ = {isa = PBXBuildFile; fileRef = 0F2D3A0018F5AA410062DA81 /* face82@2x.png */; };
		0F2D3A5618F5AA410062DA81 /* face83@2x.png in Resources */ = {isa = PBXBuildFile; fileRef = 0F2D3A0118F5AA410062DA81 /* face83@2x.png */; };
		0F2D3A5718F5AA410062DA81 /* face84@2x.png in Resources */ = {isa = PBXBuildFile; fileRef = 0F2D3A0218F5AA410062DA81 /* face84@2x.png */; };
		0F2D3A5818F5AA410062DA81 /* face8@2x.png in Resources */ = {isa = PBXBuildFile; fileRef = 0F2D3A0318F5AA410062DA81 /* face8@2x.png */; };
		0F2D3A5918F5AA410062DA81 /* face9@2x.png in Resources */ = {isa = PBXBuildFile; fileRef = 0F2D3A0418F5AA410062DA81 /* face9@2x.png */; };
		0F2D3A6018F5AAAA0062DA81 /* RCLabel.m in Sources */ = {isa = PBXBuildFile; fileRef = 0F2D3A5E18F5AAAA0062DA81 /* RCLabel.m */; };
		0F2D3A7718F6F3F40062DA81 /* EGORefreshTableHeaderView.m in Sources */ = {isa = PBXBuildFile; fileRef = 0F2D3A6718F6F3F40062DA81 /* EGORefreshTableHeaderView.m */; };
		0F2D3A7818F6F3F40062DA81 /* LoadMoreTableFooterView.m in Sources */ = {isa = PBXBuildFile; fileRef = 0F2D3A6918F6F3F40062DA81 /* LoadMoreTableFooterView.m */; };
		0F2D3A7918F6F3F40062DA81 /* MessageInterceptor.m in Sources */ = {isa = PBXBuildFile; fileRef = 0F2D3A6B18F6F3F40062DA81 /* MessageInterceptor.m */; };
		0F2D3A7A18F6F3F40062DA81 /* PullTableView.m in Sources */ = {isa = PBXBuildFile; fileRef = 0F2D3A6D18F6F3F40062DA81 /* PullTableView.m */; };
		0F2D3A7B18F6F3F40062DA81 /* blackArrow.png in Resources */ = {isa = PBXBuildFile; fileRef = 0F2D3A6F18F6F3F40062DA81 /* blackArrow.png */; };
		0F2D3A7C18F6F3F40062DA81 /* blackArrow@2x.png in Resources */ = {isa = PBXBuildFile; fileRef = 0F2D3A7018F6F3F40062DA81 /* blackArrow@2x.png */; };
		0F2D3A7D18F6F3F40062DA81 /* blueArrow.png in Resources */ = {isa = PBXBuildFile; fileRef = 0F2D3A7118F6F3F40062DA81 /* blueArrow.png */; };
		0F2D3A7E18F6F3F40062DA81 /* blueArrow@2x.png in Resources */ = {isa = PBXBuildFile; fileRef = 0F2D3A7218F6F3F40062DA81 /* blueArrow@2x.png */; };
		0F2D3A7F18F6F3F40062DA81 /* grayArrow.png in Resources */ = {isa = PBXBuildFile; fileRef = 0F2D3A7318F6F3F40062DA81 /* grayArrow.png */; };
		0F2D3A8018F6F3F40062DA81 /* grayArrow@2x.png in Resources */ = {isa = PBXBuildFile; fileRef = 0F2D3A7418F6F3F40062DA81 /* grayArrow@2x.png */; };
		0F2D3A8118F6F3F40062DA81 /* whiteArrow.png in Resources */ = {isa = PBXBuildFile; fileRef = 0F2D3A7518F6F3F40062DA81 /* whiteArrow.png */; };
		0F2D3A8218F6F3F40062DA81 /* whiteArrow@2x.png in Resources */ = {isa = PBXBuildFile; fileRef = 0F2D3A7618F6F3F40062DA81 /* whiteArrow@2x.png */; };
		0F2D3A8518F6F4F50062DA81 /* FHTimelineViewController.m in Sources */ = {isa = PBXBuildFile; fileRef = 0F2D3A8418F6F4F50062DA81 /* FHTimelineViewController.m */; };
		0F9954F518FE1EE1002F495D /* FHSUStatusBar.m in Sources */ = {isa = PBXBuildFile; fileRef = 0F9954F418FE1EE1002F495D /* FHSUStatusBar.m */; };
		0FA4387C18FEDEF500135AF3 /* FHConnectionLog.m in Sources */ = {isa = PBXBuildFile; fileRef = 0FA4387418FEDEF500135AF3 /* FHConnectionLog.m */; };
		0FA4387D18FEDEF500135AF3 /* FHConnectionParse.m in Sources */ = {isa = PBXBuildFile; fileRef = 0FA4387618FEDEF500135AF3 /* FHConnectionParse.m */; };
		0FA4387E18FEDEF500135AF3 /* FHURLConnection.m in Sources */ = {isa = PBXBuildFile; fileRef = 0FA4387818FEDEF500135AF3 /* FHURLConnection.m */; };
		0FA4387F18FEDEF500135AF3 /* Reachability.m in Sources */ = {isa = PBXBuildFile; fileRef = 0FA4387B18FEDEF500135AF3 /* Reachability.m */; };
		0FA4388118FEE1E300135AF3 /* userprofile_detail_border@2x.png in Resources */ = {isa = PBXBuildFile; fileRef = 0FA4388018FEE1E300135AF3 /* userprofile_detail_border@2x.png */; };
		0FA4388318FEE20600135AF3 /* setting_detail_border@2x.png in Resources */ = {isa = PBXBuildFile; fileRef = 0FA4388218FEE20600135AF3 /* setting_detail_border@2x.png */; };
		0FA4388518FEE55E00135AF3 /* userprofile@2x.png in Resources */ = {isa = PBXBuildFile; fileRef = 0FA4388418FEE55E00135AF3 /* userprofile@2x.png */; };
		0FA4388718FEE5C700135AF3 /* setting@2x.png in Resources */ = {isa = PBXBuildFile; fileRef = 0FA4388618FEE5C700135AF3 /* setting@2x.png */; };
		820F828318D7D8DF00D3C05D /* Foundation.framework in Frameworks */ = {isa = PBXBuildFile; fileRef = 820F828218D7D8DF00D3C05D /* Foundation.framework */; };
		820F828518D7D8DF00D3C05D /* CoreGraphics.framework in Frameworks */ = {isa = PBXBuildFile; fileRef = 820F828418D7D8DF00D3C05D /* CoreGraphics.framework */; };
		820F828718D7D8DF00D3C05D /* UIKit.framework in Frameworks */ = {isa = PBXBuildFile; fileRef = 820F828618D7D8DF00D3C05D /* UIKit.framework */; };
		820F828D18D7D8DF00D3C05D /* InfoPlist.strings in Resources */ = {isa = PBXBuildFile; fileRef = 820F828B18D7D8DF00D3C05D /* InfoPlist.strings */; };
		820F828F18D7D8DF00D3C05D /* main.m in Sources */ = {isa = PBXBuildFile; fileRef = 820F828E18D7D8DF00D3C05D /* main.m */; };
		820F829318D7D8DF00D3C05D /* FHAppDelegate.m in Sources */ = {isa = PBXBuildFile; fileRef = 820F829218D7D8DF00D3C05D /* FHAppDelegate.m */; };
		820F829618D7D8DF00D3C05D /* Main.storyboard in Resources */ = {isa = PBXBuildFile; fileRef = 820F829418D7D8DF00D3C05D /* Main.storyboard */; };
		820F829918D7D8DF00D3C05D /* FHFirstViewController.m in Sources */ = {isa = PBXBuildFile; fileRef = 820F829818D7D8DF00D3C05D /* FHFirstViewController.m */; };
		820F829E18D7D8DF00D3C05D /* Images.xcassets in Resources */ = {isa = PBXBuildFile; fileRef = 820F829D18D7D8DF00D3C05D /* Images.xcassets */; };
		820F82A518D7D8DF00D3C05D /* XCTest.framework in Frameworks */ = {isa = PBXBuildFile; fileRef = 820F82A418D7D8DF00D3C05D /* XCTest.framework */; };
		820F82A618D7D8DF00D3C05D /* Foundation.framework in Frameworks */ = {isa = PBXBuildFile; fileRef = 820F828218D7D8DF00D3C05D /* Foundation.framework */; };
		820F82A718D7D8DF00D3C05D /* UIKit.framework in Frameworks */ = {isa = PBXBuildFile; fileRef = 820F828618D7D8DF00D3C05D /* UIKit.framework */; };
		820F82AF18D7D8DF00D3C05D /* InfoPlist.strings in Resources */ = {isa = PBXBuildFile; fileRef = 820F82AD18D7D8DF00D3C05D /* InfoPlist.strings */; };
		820F82B118D7D8DF00D3C05D /* WeirdoTests.m in Sources */ = {isa = PBXBuildFile; fileRef = 820F82B018D7D8DF00D3C05D /* WeirdoTests.m */; };
		820F82C818D7F83900D3C05D /* FHWeiBoAPI.m in Sources */ = {isa = PBXBuildFile; fileRef = 820F82C718D7F83900D3C05D /* FHWeiBoAPI.m */; };
		820F82CB18D8069E00D3C05D /* FHConnectionInterationProperty.m in Sources */ = {isa = PBXBuildFile; fileRef = 820F82CA18D8069E00D3C05D /* FHConnectionInterationProperty.m */; };
		820F82CE18D92FE100D3C05D /* FHHomeNavigationController.m in Sources */ = {isa = PBXBuildFile; fileRef = 820F82CD18D92FE100D3C05D /* FHHomeNavigationController.m */; };
		820F82D518D934E400D3C05D /* FHHomePageViewController.m in Sources */ = {isa = PBXBuildFile; fileRef = 820F82D418D934E400D3C05D /* FHHomePageViewController.m */; };
		8216520518E928540072C65C /* tabbar_bg@2x.png in Resources */ = {isa = PBXBuildFile; fileRef = 821651FD18E928540072C65C /* tabbar_bg@2x.png */; };
		8216521118E928C30072C65C /* FHPost.m in Sources */ = {isa = PBXBuildFile; fileRef = 8216520E18E928C30072C65C /* FHPost.m */; };
		8216521218E928C30072C65C /* FHUsers.m in Sources */ = {isa = PBXBuildFile; fileRef = 8216521018E928C30072C65C /* FHUsers.m */; };
		82A7612818FE47350045E935 /* FHSettingInfoViewController.m in Sources */ = {isa = PBXBuildFile; fileRef = 82A7612718FE47350045E935 /* FHSettingInfoViewController.m */; };
		82A8782318FBA3DD00B1DEC5 /* navigationbar_bg-568h@2x.png in Resources */ = {isa = PBXBuildFile; fileRef = 82A8782118FBA3DD00B1DEC5 /* navigationbar_bg-568h@2x.png */; };
		82A8782418FBA3DD00B1DEC5 /* navigationbar_bg@2x.png in Resources */ = {isa = PBXBuildFile; fileRef = 82A8782218FBA3DD00B1DEC5 /* navigationbar_bg@2x.png */; };
		82A8782718FBAD4D00B1DEC5 /* timeline_vote_count_icon.png in Resources */ = {isa = PBXBuildFile; fileRef = 82A8782518FBAD4D00B1DEC5 /* timeline_vote_count_icon.png */; };
		82A8782818FBAD4D00B1DEC5 /* timeline_vote_count_icon@2x.png in Resources */ = {isa = PBXBuildFile; fileRef = 82A8782618FBAD4D00B1DEC5 /* timeline_vote_count_icon@2x.png */; };
		82A8782C18FBBF4F00B1DEC5 /* default-568h@2x.png in Resources */ = {isa = PBXBuildFile; fileRef = 82A8782918FBBF4F00B1DEC5 /* default-568h@2x.png */; };
		82A8782E18FBBF4F00B1DEC5 /* default@2x.png in Resources */ = {isa = PBXBuildFile; fileRef = 82A8782B18FBBF4F00B1DEC5 /* default@2x.png */; };
		82A8783118FBD2DF00B1DEC5 /* FHWebViewController.m in Sources */ = {isa = PBXBuildFile; fileRef = 82A8783018FBD2DF00B1DEC5 /* FHWebViewController.m */; };
		82A9AF8518FCFA3C00D25BDD /* navigationbar_sendItem@2x.png in Resources */ = {isa = PBXBuildFile; fileRef = 82A9AF8418FCFA3C00D25BDD /* navigationbar_sendItem@2x.png */; };
		82A9AF8718FCFA5A00D25BDD /* navigationbar_backItem@2x.png in Resources */ = {isa = PBXBuildFile; fileRef = 82A9AF8618FCFA5A00D25BDD /* navigationbar_backItem@2x.png */; };
		82A9AF8A18FCFDD000D25BDD /* FHUserViewController.m in Sources */ = {isa = PBXBuildFile; fileRef = 82A9AF8918FCFDD000D25BDD /* FHUserViewController.m */; };
		82BB19F518FFA1000095F6CB /* default_image@2x.png in Resources */ = {isa = PBXBuildFile; fileRef = 82BB19F418FFA1000095F6CB /* default_image@2x.png */; };
		82BB19F718FFB1850095F6CB /* default_status_thumb@2x.png in Resources */ = {isa = PBXBuildFile; fileRef = 82BB19F618FFB1850095F6CB /* default_status_thumb@2x.png */; };
		82C5944518EBA04E0027E2A3 /* FHImageCache.m in Sources */ = {isa = PBXBuildFile; fileRef = 82C5944418EBA04E0027E2A3 /* FHImageCache.m */; };
		82C5944C18EBB3DF0027E2A3 /* timeline_rt_border.png in Resources */ = {isa = PBXBuildFile; fileRef = 82C5944A18EBB3DF0027E2A3 /* timeline_rt_border.png */; };
		82C5944D18EBB3DF0027E2A3 /* timeline_rt_border@2x.png in Resources */ = {isa = PBXBuildFile; fileRef = 82C5944B18EBB3DF0027E2A3 /* timeline_rt_border@2x.png */; };
		82C5946118F38C760027E2A3 /* timeline_comment_count_icon.png in Resources */ = {isa = PBXBuildFile; fileRef = 82C5945B18F38C760027E2A3 /* timeline_comment_count_icon.png */; };
		82C5946218F38C760027E2A3 /* timeline_comment_count_icon@2x.png in Resources */ = {isa = PBXBuildFile; fileRef = 82C5945C18F38C760027E2A3 /* timeline_comment_count_icon@2x.png */; };
		82C5946318F38C760027E2A3 /* timeline_detail_border.png in Resources */ = {isa = PBXBuildFile; fileRef = 82C5945D18F38C760027E2A3 /* timeline_detail_border.png */; };
		82C5946418F38C760027E2A3 /* timeline_detail_border@2x.png in Resources */ = {isa = PBXBuildFile; fileRef = 82C5945E18F38C760027E2A3 /* timeline_detail_border@2x.png */; };
		82C5946518F38C760027E2A3 /* timeline_retweet_count_icon.png in Resources */ = {isa = PBXBuildFile; fileRef = 82C5945F18F38C760027E2A3 /* timeline_retweet_count_icon.png */; };
		82C5946618F38C760027E2A3 /* timeline_retweet_count_icon@2x.png in Resources */ = {isa = PBXBuildFile; fileRef = 82C5946018F38C760027E2A3 /* timeline_retweet_count_icon@2x.png */; };
		82C5946F18F3D7F10027E2A3 /* FHOPViewController.m in Sources */ = {isa = PBXBuildFile; fileRef = 82C5946E18F3D7F10027E2A3 /* FHOPViewController.m */; };
		82C5947218F51DEA0027E2A3 /* FHPostViewController.m in Sources */ = {isa = PBXBuildFile; fileRef = 82C5947118F51DEA0027E2A3 /* FHPostViewController.m */; };
		82C5947518F534F60027E2A3 /* FHCommentCell.m in Sources */ = {isa = PBXBuildFile; fileRef = 82C5947418F534F60027E2A3 /* FHCommentCell.m */; };
/* End PBXBuildFile section */

/* Begin PBXContainerItemProxy section */
		820F82A818D7D8DF00D3C05D /* PBXContainerItemProxy */ = {
			isa = PBXContainerItemProxy;
			containerPortal = 820F827718D7D8DF00D3C05D /* Project object */;
			proxyType = 1;
			remoteGlobalIDString = 820F827E18D7D8DF00D3C05D;
			remoteInfo = Weirdo;
		};
/* End PBXContainerItemProxy section */

/* Begin PBXFileReference section */
		0F1FFD3D18FC18FE0038502B /* FHImageScrollView.h */ = {isa = PBXFileReference; fileEncoding = 4; lastKnownFileType = sourcecode.c.h; path = FHImageScrollView.h; sourceTree = "<group>"; };
		0F1FFD3E18FC18FE0038502B /* FHImageScrollView.m */ = {isa = PBXFileReference; fileEncoding = 4; lastKnownFileType = sourcecode.c.objc; path = FHImageScrollView.m; sourceTree = "<group>"; };
		0F1FFD4118FC2FE70038502B /* FHImageView.m */ = {isa = PBXFileReference; fileEncoding = 4; lastKnownFileType = sourcecode.c.objc; path = FHImageView.m; sourceTree = "<group>"; };
		0F1FFD4218FC2FE70038502B /* FHImageView.h */ = {isa = PBXFileReference; fileEncoding = 4; lastKnownFileType = sourcecode.c.h; path = FHImageView.h; sourceTree = "<group>"; };
		0F1FFD4318FC2FE70038502B /* FHContentImageView.m */ = {isa = PBXFileReference; fileEncoding = 4; lastKnownFileType = sourcecode.c.objc; path = FHContentImageView.m; sourceTree = "<group>"; };
		0F1FFD4418FC2FE70038502B /* FHContentImageView.h */ = {isa = PBXFileReference; fileEncoding = 4; lastKnownFileType = sourcecode.c.h; path = FHContentImageView.h; sourceTree = "<group>"; };
		0F1FFD4718FC2FF80038502B /* FHTimelinePostCell.h */ = {isa = PBXFileReference; fileEncoding = 4; lastKnownFileType = sourcecode.c.h; path = FHTimelinePostCell.h; sourceTree = "<group>"; };
		0F1FFD4818FC2FF80038502B /* FHTimelinePostCell.m */ = {isa = PBXFileReference; fileEncoding = 4; lastKnownFileType = sourcecode.c.objc; path = FHTimelinePostCell.m; sourceTree = "<group>"; };
		0F1FFD4A18FC304E0038502B /* FHSImageView.h */ = {isa = PBXFileReference; fileEncoding = 4; lastKnownFileType = sourcecode.c.h; path = FHSImageView.h; sourceTree = "<group>"; };
		0F1FFD4B18FC304E0038502B /* FHSImageView.m */ = {isa = PBXFileReference; fileEncoding = 4; lastKnownFileType = sourcecode.c.objc; path = FHSImageView.m; sourceTree = "<group>"; };
		0F2A46FC18DAE28A00BCEC71 /* FHUser.h */ = {isa = PBXFileReference; fileEncoding = 4; lastKnownFileType = sourcecode.c.h; path = FHUser.h; sourceTree = "<group>"; };
		0F2A46FD18DAE28A00BCEC71 /* FHUser.m */ = {isa = PBXFileReference; fileEncoding = 4; lastKnownFileType = sourcecode.c.objc; path = FHUser.m; sourceTree = "<group>"; };
		0F2D157A18EAF66200FBD443 /* SMPageControl.m */ = {isa = PBXFileReference; fileEncoding = 4; lastKnownFileType = sourcecode.c.objc; path = SMPageControl.m; sourceTree = "<group>"; };
		0F2D157B18EAF66200FBD443 /* SMPageControl.h */ = {isa = PBXFileReference; fileEncoding = 4; lastKnownFileType = sourcecode.c.h; path = SMPageControl.h; sourceTree = "<group>"; };
		0F2D39B018F5AA410062DA81 /* emotionImage.plist */ = {isa = PBXFileReference; fileEncoding = 4; lastKnownFileType = text.plist.xml; path = emotionImage.plist; sourceTree = "<group>"; };
		0F2D39B118F5AA410062DA81 /* face10@2x.png */ = {isa = PBXFileReference; lastKnownFileType = image.png; path = "face10@2x.png"; sourceTree = "<group>"; };
		0F2D39B218F5AA410062DA81 /* face11@2x.png */ = {isa = PBXFileReference; lastKnownFileType = image.png; path = "face11@2x.png"; sourceTree = "<group>"; };
		0F2D39B318F5AA410062DA81 /* face12@2x.png */ = {isa = PBXFileReference; lastKnownFileType = image.png; path = "face12@2x.png"; sourceTree = "<group>"; };
		0F2D39B418F5AA410062DA81 /* face13@2x.png */ = {isa = PBXFileReference; lastKnownFileType = image.png; path = "face13@2x.png"; sourceTree = "<group>"; };
		0F2D39B518F5AA410062DA81 /* face14@2x.png */ = {isa = PBXFileReference; lastKnownFileType = image.png; path = "face14@2x.png"; sourceTree = "<group>"; };
		0F2D39B618F5AA410062DA81 /* face15@2x.png */ = {isa = PBXFileReference; lastKnownFileType = image.png; path = "face15@2x.png"; sourceTree = "<group>"; };
		0F2D39B718F5AA410062DA81 /* face16@2x.png */ = {isa = PBXFileReference; lastKnownFileType = image.png; path = "face16@2x.png"; sourceTree = "<group>"; };
		0F2D39B818F5AA410062DA81 /* face17@2x.png */ = {isa = PBXFileReference; lastKnownFileType = image.png; path = "face17@2x.png"; sourceTree = "<group>"; };
		0F2D39B918F5AA410062DA81 /* face18@2x.png */ = {isa = PBXFileReference; lastKnownFileType = image.png; path = "face18@2x.png"; sourceTree = "<group>"; };
		0F2D39BA18F5AA410062DA81 /* face19@2x.png */ = {isa = PBXFileReference; lastKnownFileType = image.png; path = "face19@2x.png"; sourceTree = "<group>"; };
		0F2D39BB18F5AA410062DA81 /* face1@2x.png */ = {isa = PBXFileReference; lastKnownFileType = image.png; path = "face1@2x.png"; sourceTree = "<group>"; };
		0F2D39BC18F5AA410062DA81 /* face20@2x.png */ = {isa = PBXFileReference; lastKnownFileType = image.png; path = "face20@2x.png"; sourceTree = "<group>"; };
		0F2D39BD18F5AA410062DA81 /* face21@2x.png */ = {isa = PBXFileReference; lastKnownFileType = image.png; path = "face21@2x.png"; sourceTree = "<group>"; };
		0F2D39BE18F5AA410062DA81 /* face22@2x.png */ = {isa = PBXFileReference; lastKnownFileType = image.png; path = "face22@2x.png"; sourceTree = "<group>"; };
		0F2D39BF18F5AA410062DA81 /* face23@2x.png */ = {isa = PBXFileReference; lastKnownFileType = image.png; path = "face23@2x.png"; sourceTree = "<group>"; };
		0F2D39C018F5AA410062DA81 /* face24@2x.png */ = {isa = PBXFileReference; lastKnownFileType = image.png; path = "face24@2x.png"; sourceTree = "<group>"; };
		0F2D39C118F5AA410062DA81 /* face25@2x.png */ = {isa = PBXFileReference; lastKnownFileType = image.png; path = "face25@2x.png"; sourceTree = "<group>"; };
		0F2D39C218F5AA410062DA81 /* face26@2x.png */ = {isa = PBXFileReference; lastKnownFileType = image.png; path = "face26@2x.png"; sourceTree = "<group>"; };
		0F2D39C318F5AA410062DA81 /* face27@2x.png */ = {isa = PBXFileReference; lastKnownFileType = image.png; path = "face27@2x.png"; sourceTree = "<group>"; };
		0F2D39C418F5AA410062DA81 /* face28@2x.png */ = {isa = PBXFileReference; lastKnownFileType = image.png; path = "face28@2x.png"; sourceTree = "<group>"; };
		0F2D39C518F5AA410062DA81 /* face29@2x.png */ = {isa = PBXFileReference; lastKnownFileType = image.png; path = "face29@2x.png"; sourceTree = "<group>"; };
		0F2D39C618F5AA410062DA81 /* face2@2x.png */ = {isa = PBXFileReference; lastKnownFileType = image.png; path = "face2@2x.png"; sourceTree = "<group>"; };
		0F2D39C718F5AA410062DA81 /* face30@2x.png */ = {isa = PBXFileReference; lastKnownFileType = image.png; path = "face30@2x.png"; sourceTree = "<group>"; };
		0F2D39C818F5AA410062DA81 /* face31@2x.png */ = {isa = PBXFileReference; lastKnownFileType = image.png; path = "face31@2x.png"; sourceTree = "<group>"; };
		0F2D39C918F5AA410062DA81 /* face32@2x.png */ = {isa = PBXFileReference; lastKnownFileType = image.png; path = "face32@2x.png"; sourceTree = "<group>"; };
		0F2D39CA18F5AA410062DA81 /* face33@2x.png */ = {isa = PBXFileReference; lastKnownFileType = image.png; path = "face33@2x.png"; sourceTree = "<group>"; };
		0F2D39CB18F5AA410062DA81 /* face34@2x.png */ = {isa = PBXFileReference; lastKnownFileType = image.png; path = "face34@2x.png"; sourceTree = "<group>"; };
		0F2D39CC18F5AA410062DA81 /* face35@2x.png */ = {isa = PBXFileReference; lastKnownFileType = image.png; path = "face35@2x.png"; sourceTree = "<group>"; };
		0F2D39CD18F5AA410062DA81 /* face36@2x.png */ = {isa = PBXFileReference; lastKnownFileType = image.png; path = "face36@2x.png"; sourceTree = "<group>"; };
		0F2D39CE18F5AA410062DA81 /* face37@2x.png */ = {isa = PBXFileReference; lastKnownFileType = image.png; path = "face37@2x.png"; sourceTree = "<group>"; };
		0F2D39CF18F5AA410062DA81 /* face38@2x.png */ = {isa = PBXFileReference; lastKnownFileType = image.png; path = "face38@2x.png"; sourceTree = "<group>"; };
		0F2D39D018F5AA410062DA81 /* face39@2x.png */ = {isa = PBXFileReference; lastKnownFileType = image.png; path = "face39@2x.png"; sourceTree = "<group>"; };
		0F2D39D118F5AA410062DA81 /* face3@2x.png */ = {isa = PBXFileReference; lastKnownFileType = image.png; path = "face3@2x.png"; sourceTree = "<group>"; };
		0F2D39D218F5AA410062DA81 /* face40@2x.png */ = {isa = PBXFileReference; lastKnownFileType = image.png; path = "face40@2x.png"; sourceTree = "<group>"; };
		0F2D39D318F5AA410062DA81 /* face41@2x.png */ = {isa = PBXFileReference; lastKnownFileType = image.png; path = "face41@2x.png"; sourceTree = "<group>"; };
		0F2D39D418F5AA410062DA81 /* face42@2x.png */ = {isa = PBXFileReference; lastKnownFileType = image.png; path = "face42@2x.png"; sourceTree = "<group>"; };
		0F2D39D518F5AA410062DA81 /* face43@2x.png */ = {isa = PBXFileReference; lastKnownFileType = image.png; path = "face43@2x.png"; sourceTree = "<group>"; };
		0F2D39D618F5AA410062DA81 /* face44@2x.png */ = {isa = PBXFileReference; lastKnownFileType = image.png; path = "face44@2x.png"; sourceTree = "<group>"; };
		0F2D39D718F5AA410062DA81 /* face45@2x.png */ = {isa = PBXFileReference; lastKnownFileType = image.png; path = "face45@2x.png"; sourceTree = "<group>"; };
		0F2D39D818F5AA410062DA81 /* face46@2x.png */ = {isa = PBXFileReference; lastKnownFileType = image.png; path = "face46@2x.png"; sourceTree = "<group>"; };
		0F2D39D918F5AA410062DA81 /* face47@2x.png */ = {isa = PBXFileReference; lastKnownFileType = image.png; path = "face47@2x.png"; sourceTree = "<group>"; };
		0F2D39DA18F5AA410062DA81 /* face48@2x.png */ = {isa = PBXFileReference; lastKnownFileType = image.png; path = "face48@2x.png"; sourceTree = "<group>"; };
		0F2D39DB18F5AA410062DA81 /* face49@2x.png */ = {isa = PBXFileReference; lastKnownFileType = image.png; path = "face49@2x.png"; sourceTree = "<group>"; };
		0F2D39DC18F5AA410062DA81 /* face4@2x.png */ = {isa = PBXFileReference; lastKnownFileType = image.png; path = "face4@2x.png"; sourceTree = "<group>"; };
		0F2D39DD18F5AA410062DA81 /* face50@2x.png */ = {isa = PBXFileReference; lastKnownFileType = image.png; path = "face50@2x.png"; sourceTree = "<group>"; };
		0F2D39DE18F5AA410062DA81 /* face51@2x.png */ = {isa = PBXFileReference; lastKnownFileType = image.png; path = "face51@2x.png"; sourceTree = "<group>"; };
		0F2D39DF18F5AA410062DA81 /* face52@2x.png */ = {isa = PBXFileReference; lastKnownFileType = image.png; path = "face52@2x.png"; sourceTree = "<group>"; };
		0F2D39E018F5AA410062DA81 /* face53@2x.png */ = {isa = PBXFileReference; lastKnownFileType = image.png; path = "face53@2x.png"; sourceTree = "<group>"; };
		0F2D39E118F5AA410062DA81 /* face54@2x.png */ = {isa = PBXFileReference; lastKnownFileType = image.png; path = "face54@2x.png"; sourceTree = "<group>"; };
		0F2D39E218F5AA410062DA81 /* face55@2x.png */ = {isa = PBXFileReference; lastKnownFileType = image.png; path = "face55@2x.png"; sourceTree = "<group>"; };
		0F2D39E318F5AA410062DA81 /* face56@2x.png */ = {isa = PBXFileReference; lastKnownFileType = image.png; path = "face56@2x.png"; sourceTree = "<group>"; };
		0F2D39E418F5AA410062DA81 /* face57@2x.png */ = {isa = PBXFileReference; lastKnownFileType = image.png; path = "face57@2x.png"; sourceTree = "<group>"; };
		0F2D39E518F5AA410062DA81 /* face58@2x.png */ = {isa = PBXFileReference; lastKnownFileType = image.png; path = "face58@2x.png"; sourceTree = "<group>"; };
		0F2D39E618F5AA410062DA81 /* face59@2x.png */ = {isa = PBXFileReference; lastKnownFileType = image.png; path = "face59@2x.png"; sourceTree = "<group>"; };
		0F2D39E718F5AA410062DA81 /* face5@2x.png */ = {isa = PBXFileReference; lastKnownFileType = image.png; path = "face5@2x.png"; sourceTree = "<group>"; };
		0F2D39E818F5AA410062DA81 /* face60@2x.png */ = {isa = PBXFileReference; lastKnownFileType = image.png; path = "face60@2x.png"; sourceTree = "<group>"; };
		0F2D39E918F5AA410062DA81 /* face61@2x.png */ = {isa = PBXFileReference; lastKnownFileType = image.png; path = "face61@2x.png"; sourceTree = "<group>"; };
		0F2D39EA18F5AA410062DA81 /* face62@2x.png */ = {isa = PBXFileReference; lastKnownFileType = image.png; path = "face62@2x.png"; sourceTree = "<group>"; };
		0F2D39EB18F5AA410062DA81 /* face63@2x.png */ = {isa = PBXFileReference; lastKnownFileType = image.png; path = "face63@2x.png"; sourceTree = "<group>"; };
		0F2D39EC18F5AA410062DA81 /* face64@2x.png */ = {isa = PBXFileReference; lastKnownFileType = image.png; path = "face64@2x.png"; sourceTree = "<group>"; };
		0F2D39ED18F5AA410062DA81 /* face65@2x.png */ = {isa = PBXFileReference; lastKnownFileType = image.png; path = "face65@2x.png"; sourceTree = "<group>"; };
		0F2D39EE18F5AA410062DA81 /* face66@2x.png */ = {isa = PBXFileReference; lastKnownFileType = image.png; path = "face66@2x.png"; sourceTree = "<group>"; };
		0F2D39EF18F5AA410062DA81 /* face67@2x.png */ = {isa = PBXFileReference; lastKnownFileType = image.png; path = "face67@2x.png"; sourceTree = "<group>"; };
		0F2D39F018F5AA410062DA81 /* face68@2x.png */ = {isa = PBXFileReference; lastKnownFileType = image.png; path = "face68@2x.png"; sourceTree = "<group>"; };
		0F2D39F118F5AA410062DA81 /* face69@2x.png */ = {isa = PBXFileReference; lastKnownFileType = image.png; path = "face69@2x.png"; sourceTree = "<group>"; };
		0F2D39F218F5AA410062DA81 /* face6@2x.png */ = {isa = PBXFileReference; lastKnownFileType = image.png; path = "face6@2x.png"; sourceTree = "<group>"; };
		0F2D39F318F5AA410062DA81 /* face70@2x.png */ = {isa = PBXFileReference; lastKnownFileType = image.png; path = "face70@2x.png"; sourceTree = "<group>"; };
		0F2D39F418F5AA410062DA81 /* face71@2x.png */ = {isa = PBXFileReference; lastKnownFileType = image.png; path = "face71@2x.png"; sourceTree = "<group>"; };
		0F2D39F518F5AA410062DA81 /* face72@2x.png */ = {isa = PBXFileReference; lastKnownFileType = image.png; path = "face72@2x.png"; sourceTree = "<group>"; };
		0F2D39F618F5AA410062DA81 /* face73@2x.png */ = {isa = PBXFileReference; lastKnownFileType = image.png; path = "face73@2x.png"; sourceTree = "<group>"; };
		0F2D39F718F5AA410062DA81 /* face74@2x.png */ = {isa = PBXFileReference; lastKnownFileType = image.png; path = "face74@2x.png"; sourceTree = "<group>"; };
		0F2D39F818F5AA410062DA81 /* face75@2x.png */ = {isa = PBXFileReference; lastKnownFileType = image.png; path = "face75@2x.png"; sourceTree = "<group>"; };
		0F2D39F918F5AA410062DA81 /* face76@2x.png */ = {isa = PBXFileReference; lastKnownFileType = image.png; path = "face76@2x.png"; sourceTree = "<group>"; };
		0F2D39FA18F5AA410062DA81 /* face77@2x.png */ = {isa = PBXFileReference; lastKnownFileType = image.png; path = "face77@2x.png"; sourceTree = "<group>"; };
		0F2D39FB18F5AA410062DA81 /* face78@2x.png */ = {isa = PBXFileReference; lastKnownFileType = image.png; path = "face78@2x.png"; sourceTree = "<group>"; };
		0F2D39FC18F5AA410062DA81 /* face79@2x.png */ = {isa = PBXFileReference; lastKnownFileType = image.png; path = "face79@2x.png"; sourceTree = "<group>"; };
		0F2D39FD18F5AA410062DA81 /* face7@2x.png */ = {isa = PBXFileReference; lastKnownFileType = image.png; path = "face7@2x.png"; sourceTree = "<group>"; };
		0F2D39FE18F5AA410062DA81 /* face80@2x.png */ = {isa = PBXFileReference; lastKnownFileType = image.png; path = "face80@2x.png"; sourceTree = "<group>"; };
		0F2D39FF18F5AA410062DA81 /* face81@2x.png */ = {isa = PBXFileReference; lastKnownFileType = image.png; path = "face81@2x.png"; sourceTree = "<group>"; };
		0F2D3A0018F5AA410062DA81 /* face82@2x.png */ = {isa = PBXFileReference; lastKnownFileType = image.png; path = "face82@2x.png"; sourceTree = "<group>"; };
		0F2D3A0118F5AA410062DA81 /* face83@2x.png */ = {isa = PBXFileReference; lastKnownFileType = image.png; path = "face83@2x.png"; sourceTree = "<group>"; };
		0F2D3A0218F5AA410062DA81 /* face84@2x.png */ = {isa = PBXFileReference; lastKnownFileType = image.png; path = "face84@2x.png"; sourceTree = "<group>"; };
		0F2D3A0318F5AA410062DA81 /* face8@2x.png */ = {isa = PBXFileReference; lastKnownFileType = image.png; path = "face8@2x.png"; sourceTree = "<group>"; };
		0F2D3A0418F5AA410062DA81 /* face9@2x.png */ = {isa = PBXFileReference; lastKnownFileType = image.png; path = "face9@2x.png"; sourceTree = "<group>"; };
		0F2D3A5D18F5AAAA0062DA81 /* RCLabel.h */ = {isa = PBXFileReference; fileEncoding = 4; lastKnownFileType = sourcecode.c.h; path = RCLabel.h; sourceTree = "<group>"; };
		0F2D3A5E18F5AAAA0062DA81 /* RCLabel.m */ = {isa = PBXFileReference; fileEncoding = 4; lastKnownFileType = sourcecode.c.objc; path = RCLabel.m; sourceTree = "<group>"; };
		0F2D3A6618F6F3F40062DA81 /* EGORefreshTableHeaderView.h */ = {isa = PBXFileReference; fileEncoding = 4; lastKnownFileType = sourcecode.c.h; path = EGORefreshTableHeaderView.h; sourceTree = "<group>"; };
		0F2D3A6718F6F3F40062DA81 /* EGORefreshTableHeaderView.m */ = {isa = PBXFileReference; fileEncoding = 4; lastKnownFileType = sourcecode.c.objc; path = EGORefreshTableHeaderView.m; sourceTree = "<group>"; };
		0F2D3A6818F6F3F40062DA81 /* LoadMoreTableFooterView.h */ = {isa = PBXFileReference; fileEncoding = 4; lastKnownFileType = sourcecode.c.h; path = LoadMoreTableFooterView.h; sourceTree = "<group>"; };
		0F2D3A6918F6F3F40062DA81 /* LoadMoreTableFooterView.m */ = {isa = PBXFileReference; fileEncoding = 4; lastKnownFileType = sourcecode.c.objc; path = LoadMoreTableFooterView.m; sourceTree = "<group>"; };
		0F2D3A6A18F6F3F40062DA81 /* MessageInterceptor.h */ = {isa = PBXFileReference; fileEncoding = 4; lastKnownFileType = sourcecode.c.h; path = MessageInterceptor.h; sourceTree = "<group>"; };
		0F2D3A6B18F6F3F40062DA81 /* MessageInterceptor.m */ = {isa = PBXFileReference; fileEncoding = 4; lastKnownFileType = sourcecode.c.objc; path = MessageInterceptor.m; sourceTree = "<group>"; };
		0F2D3A6C18F6F3F40062DA81 /* PullTableView.h */ = {isa = PBXFileReference; fileEncoding = 4; lastKnownFileType = sourcecode.c.h; path = PullTableView.h; sourceTree = "<group>"; };
		0F2D3A6D18F6F3F40062DA81 /* PullTableView.m */ = {isa = PBXFileReference; fileEncoding = 4; lastKnownFileType = sourcecode.c.objc; path = PullTableView.m; sourceTree = "<group>"; };
		0F2D3A6F18F6F3F40062DA81 /* blackArrow.png */ = {isa = PBXFileReference; lastKnownFileType = image.png; path = blackArrow.png; sourceTree = "<group>"; };
		0F2D3A7018F6F3F40062DA81 /* blackArrow@2x.png */ = {isa = PBXFileReference; lastKnownFileType = image.png; path = "blackArrow@2x.png"; sourceTree = "<group>"; };
		0F2D3A7118F6F3F40062DA81 /* blueArrow.png */ = {isa = PBXFileReference; lastKnownFileType = image.png; path = blueArrow.png; sourceTree = "<group>"; };
		0F2D3A7218F6F3F40062DA81 /* blueArrow@2x.png */ = {isa = PBXFileReference; lastKnownFileType = image.png; path = "blueArrow@2x.png"; sourceTree = "<group>"; };
		0F2D3A7318F6F3F40062DA81 /* grayArrow.png */ = {isa = PBXFileReference; lastKnownFileType = image.png; path = grayArrow.png; sourceTree = "<group>"; };
		0F2D3A7418F6F3F40062DA81 /* grayArrow@2x.png */ = {isa = PBXFileReference; lastKnownFileType = image.png; path = "grayArrow@2x.png"; sourceTree = "<group>"; };
		0F2D3A7518F6F3F40062DA81 /* whiteArrow.png */ = {isa = PBXFileReference; lastKnownFileType = image.png; path = whiteArrow.png; sourceTree = "<group>"; };
		0F2D3A7618F6F3F40062DA81 /* whiteArrow@2x.png */ = {isa = PBXFileReference; lastKnownFileType = image.png; path = "whiteArrow@2x.png"; sourceTree = "<group>"; };
		0F2D3A8318F6F4F50062DA81 /* FHTimelineViewController.h */ = {isa = PBXFileReference; fileEncoding = 4; lastKnownFileType = sourcecode.c.h; path = FHTimelineViewController.h; sourceTree = "<group>"; };
		0F2D3A8418F6F4F50062DA81 /* FHTimelineViewController.m */ = {isa = PBXFileReference; fileEncoding = 4; lastKnownFileType = sourcecode.c.objc; path = FHTimelineViewController.m; sourceTree = "<group>"; };
		0F9954F318FE1EE1002F495D /* FHSUStatusBar.h */ = {isa = PBXFileReference; fileEncoding = 4; lastKnownFileType = sourcecode.c.h; path = FHSUStatusBar.h; sourceTree = "<group>"; };
		0F9954F418FE1EE1002F495D /* FHSUStatusBar.m */ = {isa = PBXFileReference; fileEncoding = 4; lastKnownFileType = sourcecode.c.objc; path = FHSUStatusBar.m; sourceTree = "<group>"; };
		0FA4387318FEDEF500135AF3 /* FHConnectionLog.h */ = {isa = PBXFileReference; fileEncoding = 4; lastKnownFileType = sourcecode.c.h; path = FHConnectionLog.h; sourceTree = "<group>"; };
		0FA4387418FEDEF500135AF3 /* FHConnectionLog.m */ = {isa = PBXFileReference; fileEncoding = 4; lastKnownFileType = sourcecode.c.objc; path = FHConnectionLog.m; sourceTree = "<group>"; };
		0FA4387518FEDEF500135AF3 /* FHConnectionParse.h */ = {isa = PBXFileReference; fileEncoding = 4; lastKnownFileType = sourcecode.c.h; path = FHConnectionParse.h; sourceTree = "<group>"; };
		0FA4387618FEDEF500135AF3 /* FHConnectionParse.m */ = {isa = PBXFileReference; fileEncoding = 4; lastKnownFileType = sourcecode.c.objc; path = FHConnectionParse.m; sourceTree = "<group>"; };
		0FA4387718FEDEF500135AF3 /* FHURLConnection.h */ = {isa = PBXFileReference; fileEncoding = 4; lastKnownFileType = sourcecode.c.h; path = FHURLConnection.h; sourceTree = "<group>"; };
		0FA4387818FEDEF500135AF3 /* FHURLConnection.m */ = {isa = PBXFileReference; fileEncoding = 4; lastKnownFileType = sourcecode.c.objc; path = FHURLConnection.m; sourceTree = "<group>"; };
		0FA4387A18FEDEF500135AF3 /* Reachability.h */ = {isa = PBXFileReference; fileEncoding = 4; lastKnownFileType = sourcecode.c.h; path = Reachability.h; sourceTree = "<group>"; };
		0FA4387B18FEDEF500135AF3 /* Reachability.m */ = {isa = PBXFileReference; fileEncoding = 4; lastKnownFileType = sourcecode.c.objc; path = Reachability.m; sourceTree = "<group>"; };
		0FA4388018FEE1E300135AF3 /* userprofile_detail_border@2x.png */ = {isa = PBXFileReference; lastKnownFileType = image.png; path = "userprofile_detail_border@2x.png"; sourceTree = "<group>"; };
		0FA4388218FEE20600135AF3 /* setting_detail_border@2x.png */ = {isa = PBXFileReference; lastKnownFileType = image.png; path = "setting_detail_border@2x.png"; sourceTree = "<group>"; };
		0FA4388418FEE55E00135AF3 /* userprofile@2x.png */ = {isa = PBXFileReference; lastKnownFileType = image.png; path = "userprofile@2x.png"; sourceTree = "<group>"; };
		0FA4388618FEE5C700135AF3 /* setting@2x.png */ = {isa = PBXFileReference; lastKnownFileType = image.png; path = "setting@2x.png"; sourceTree = "<group>"; };
		820F827F18D7D8DF00D3C05D /* Weirdo.app */ = {isa = PBXFileReference; explicitFileType = wrapper.application; includeInIndex = 0; path = Weirdo.app; sourceTree = BUILT_PRODUCTS_DIR; };
		820F828218D7D8DF00D3C05D /* Foundation.framework */ = {isa = PBXFileReference; lastKnownFileType = wrapper.framework; name = Foundation.framework; path = System/Library/Frameworks/Foundation.framework; sourceTree = SDKROOT; };
		820F828418D7D8DF00D3C05D /* CoreGraphics.framework */ = {isa = PBXFileReference; lastKnownFileType = wrapper.framework; name = CoreGraphics.framework; path = System/Library/Frameworks/CoreGraphics.framework; sourceTree = SDKROOT; };
		820F828618D7D8DF00D3C05D /* UIKit.framework */ = {isa = PBXFileReference; lastKnownFileType = wrapper.framework; name = UIKit.framework; path = System/Library/Frameworks/UIKit.framework; sourceTree = SDKROOT; };
		820F828A18D7D8DF00D3C05D /* Weirdo-Info.plist */ = {isa = PBXFileReference; lastKnownFileType = text.plist.xml; path = "Weirdo-Info.plist"; sourceTree = "<group>"; };
		820F828C18D7D8DF00D3C05D /* en */ = {isa = PBXFileReference; lastKnownFileType = text.plist.strings; name = en; path = en.lproj/InfoPlist.strings; sourceTree = "<group>"; };
		820F828E18D7D8DF00D3C05D /* main.m */ = {isa = PBXFileReference; lastKnownFileType = sourcecode.c.objc; path = main.m; sourceTree = "<group>"; };
		820F829018D7D8DF00D3C05D /* Weirdo-Prefix.pch */ = {isa = PBXFileReference; lastKnownFileType = sourcecode.c.h; path = "Weirdo-Prefix.pch"; sourceTree = "<group>"; };
		820F829118D7D8DF00D3C05D /* FHAppDelegate.h */ = {isa = PBXFileReference; lastKnownFileType = sourcecode.c.h; path = FHAppDelegate.h; sourceTree = "<group>"; };
		820F829218D7D8DF00D3C05D /* FHAppDelegate.m */ = {isa = PBXFileReference; lastKnownFileType = sourcecode.c.objc; path = FHAppDelegate.m; sourceTree = "<group>"; };
		820F829518D7D8DF00D3C05D /* Base */ = {isa = PBXFileReference; lastKnownFileType = file.storyboard; name = Base; path = Base.lproj/Main.storyboard; sourceTree = "<group>"; };
		820F829718D7D8DF00D3C05D /* FHFirstViewController.h */ = {isa = PBXFileReference; lastKnownFileType = sourcecode.c.h; path = FHFirstViewController.h; sourceTree = "<group>"; };
		820F829818D7D8DF00D3C05D /* FHFirstViewController.m */ = {isa = PBXFileReference; lastKnownFileType = sourcecode.c.objc; path = FHFirstViewController.m; sourceTree = "<group>"; };
		820F829D18D7D8DF00D3C05D /* Images.xcassets */ = {isa = PBXFileReference; lastKnownFileType = folder.assetcatalog; path = Images.xcassets; sourceTree = "<group>"; };
		820F82A318D7D8DF00D3C05D /* WeirdoTests.xctest */ = {isa = PBXFileReference; explicitFileType = wrapper.cfbundle; includeInIndex = 0; path = WeirdoTests.xctest; sourceTree = BUILT_PRODUCTS_DIR; };
		820F82A418D7D8DF00D3C05D /* XCTest.framework */ = {isa = PBXFileReference; lastKnownFileType = wrapper.framework; name = XCTest.framework; path = Library/Frameworks/XCTest.framework; sourceTree = DEVELOPER_DIR; };
		820F82AC18D7D8DF00D3C05D /* WeirdoTests-Info.plist */ = {isa = PBXFileReference; lastKnownFileType = text.plist.xml; path = "WeirdoTests-Info.plist"; sourceTree = "<group>"; };
		820F82AE18D7D8DF00D3C05D /* en */ = {isa = PBXFileReference; lastKnownFileType = text.plist.strings; name = en; path = en.lproj/InfoPlist.strings; sourceTree = "<group>"; };
		820F82B018D7D8DF00D3C05D /* WeirdoTests.m */ = {isa = PBXFileReference; lastKnownFileType = sourcecode.c.objc; path = WeirdoTests.m; sourceTree = "<group>"; };
		820F82C218D7DF1800D3C05D /* zh-Hans */ = {isa = PBXFileReference; lastKnownFileType = text.plist.strings; name = "zh-Hans"; path = "zh-Hans.lproj/Main.strings"; sourceTree = "<group>"; };
		820F82C318D7DF1800D3C05D /* zh-Hans */ = {isa = PBXFileReference; lastKnownFileType = text.plist.strings; name = "zh-Hans"; path = "zh-Hans.lproj/InfoPlist.strings"; sourceTree = "<group>"; };
		820F82C418D7DF1800D3C05D /* zh-Hans */ = {isa = PBXFileReference; lastKnownFileType = text.plist.strings; name = "zh-Hans"; path = "zh-Hans.lproj/InfoPlist.strings"; sourceTree = "<group>"; };
		820F82C618D7F83900D3C05D /* FHWeiBoAPI.h */ = {isa = PBXFileReference; fileEncoding = 4; lastKnownFileType = sourcecode.c.h; path = FHWeiBoAPI.h; sourceTree = "<group>"; };
		820F82C718D7F83900D3C05D /* FHWeiBoAPI.m */ = {isa = PBXFileReference; fileEncoding = 4; lastKnownFileType = sourcecode.c.objc; path = FHWeiBoAPI.m; sourceTree = "<group>"; };
		820F82C918D8069E00D3C05D /* FHConnectionInterationProperty.h */ = {isa = PBXFileReference; fileEncoding = 4; lastKnownFileType = sourcecode.c.h; path = FHConnectionInterationProperty.h; sourceTree = "<group>"; };
		820F82CA18D8069E00D3C05D /* FHConnectionInterationProperty.m */ = {isa = PBXFileReference; fileEncoding = 4; lastKnownFileType = sourcecode.c.objc; path = FHConnectionInterationProperty.m; sourceTree = "<group>"; };
		820F82CC18D92FE100D3C05D /* FHHomeNavigationController.h */ = {isa = PBXFileReference; fileEncoding = 4; lastKnownFileType = sourcecode.c.h; path = FHHomeNavigationController.h; sourceTree = "<group>"; };
		820F82CD18D92FE100D3C05D /* FHHomeNavigationController.m */ = {isa = PBXFileReference; fileEncoding = 4; lastKnownFileType = sourcecode.c.objc; path = FHHomeNavigationController.m; sourceTree = "<group>"; };
		820F82D318D934E400D3C05D /* FHHomePageViewController.h */ = {isa = PBXFileReference; fileEncoding = 4; lastKnownFileType = sourcecode.c.h; path = FHHomePageViewController.h; sourceTree = "<group>"; };
		820F82D418D934E400D3C05D /* FHHomePageViewController.m */ = {isa = PBXFileReference; fileEncoding = 4; lastKnownFileType = sourcecode.c.objc; path = FHHomePageViewController.m; sourceTree = "<group>"; };
		821651FD18E928540072C65C /* tabbar_bg@2x.png */ = {isa = PBXFileReference; lastKnownFileType = image.png; path = "tabbar_bg@2x.png"; sourceTree = "<group>"; };
		8216520D18E928C30072C65C /* FHPost.h */ = {isa = PBXFileReference; fileEncoding = 4; lastKnownFileType = sourcecode.c.h; path = FHPost.h; sourceTree = "<group>"; };
		8216520E18E928C30072C65C /* FHPost.m */ = {isa = PBXFileReference; fileEncoding = 4; lastKnownFileType = sourcecode.c.objc; path = FHPost.m; sourceTree = "<group>"; };
		8216520F18E928C30072C65C /* FHUsers.h */ = {isa = PBXFileReference; fileEncoding = 4; lastKnownFileType = sourcecode.c.h; path = FHUsers.h; sourceTree = "<group>"; };
		8216521018E928C30072C65C /* FHUsers.m */ = {isa = PBXFileReference; fileEncoding = 4; lastKnownFileType = sourcecode.c.objc; path = FHUsers.m; sourceTree = "<group>"; };
		82A7612618FE47350045E935 /* FHSettingInfoViewController.h */ = {isa = PBXFileReference; fileEncoding = 4; lastKnownFileType = sourcecode.c.h; path = FHSettingInfoViewController.h; sourceTree = "<group>"; };
		82A7612718FE47350045E935 /* FHSettingInfoViewController.m */ = {isa = PBXFileReference; fileEncoding = 4; lastKnownFileType = sourcecode.c.objc; path = FHSettingInfoViewController.m; sourceTree = "<group>"; };
		82A8782118FBA3DD00B1DEC5 /* navigationbar_bg-568h@2x.png */ = {isa = PBXFileReference; lastKnownFileType = image.png; path = "navigationbar_bg-568h@2x.png"; sourceTree = "<group>"; };
		82A8782218FBA3DD00B1DEC5 /* navigationbar_bg@2x.png */ = {isa = PBXFileReference; lastKnownFileType = image.png; path = "navigationbar_bg@2x.png"; sourceTree = "<group>"; };
		82A8782518FBAD4D00B1DEC5 /* timeline_vote_count_icon.png */ = {isa = PBXFileReference; lastKnownFileType = image.png; path = timeline_vote_count_icon.png; sourceTree = "<group>"; };
		82A8782618FBAD4D00B1DEC5 /* timeline_vote_count_icon@2x.png */ = {isa = PBXFileReference; lastKnownFileType = image.png; path = "timeline_vote_count_icon@2x.png"; sourceTree = "<group>"; };
		82A8782918FBBF4F00B1DEC5 /* default-568h@2x.png */ = {isa = PBXFileReference; lastKnownFileType = image.png; path = "default-568h@2x.png"; sourceTree = "<group>"; };
		82A8782B18FBBF4F00B1DEC5 /* default@2x.png */ = {isa = PBXFileReference; lastKnownFileType = image.png; path = "default@2x.png"; sourceTree = "<group>"; };
		82A8782F18FBD2DF00B1DEC5 /* FHWebViewController.h */ = {isa = PBXFileReference; fileEncoding = 4; lastKnownFileType = sourcecode.c.h; path = FHWebViewController.h; sourceTree = "<group>"; };
		82A8783018FBD2DF00B1DEC5 /* FHWebViewController.m */ = {isa = PBXFileReference; fileEncoding = 4; lastKnownFileType = sourcecode.c.objc; path = FHWebViewController.m; sourceTree = "<group>"; };
		82A9AF8418FCFA3C00D25BDD /* navigationbar_sendItem@2x.png */ = {isa = PBXFileReference; lastKnownFileType = image.png; path = "navigationbar_sendItem@2x.png"; sourceTree = "<group>"; };
		82A9AF8618FCFA5A00D25BDD /* navigationbar_backItem@2x.png */ = {isa = PBXFileReference; lastKnownFileType = image.png; path = "navigationbar_backItem@2x.png"; sourceTree = "<group>"; };
		82A9AF8818FCFDD000D25BDD /* FHUserViewController.h */ = {isa = PBXFileReference; fileEncoding = 4; lastKnownFileType = sourcecode.c.h; path = FHUserViewController.h; sourceTree = "<group>"; };
		82A9AF8918FCFDD000D25BDD /* FHUserViewController.m */ = {isa = PBXFileReference; fileEncoding = 4; lastKnownFileType = sourcecode.c.objc; path = FHUserViewController.m; sourceTree = "<group>"; };
		82BB19F418FFA1000095F6CB /* default_image@2x.png */ = {isa = PBXFileReference; lastKnownFileType = image.png; path = "default_image@2x.png"; sourceTree = "<group>"; };
		82BB19F618FFB1850095F6CB /* default_status_thumb@2x.png */ = {isa = PBXFileReference; lastKnownFileType = image.png; path = "default_status_thumb@2x.png"; sourceTree = "<group>"; };
		82C5944318EBA04E0027E2A3 /* FHImageCache.h */ = {isa = PBXFileReference; fileEncoding = 4; lastKnownFileType = sourcecode.c.h; path = FHImageCache.h; sourceTree = "<group>"; };
		82C5944418EBA04E0027E2A3 /* FHImageCache.m */ = {isa = PBXFileReference; fileEncoding = 4; lastKnownFileType = sourcecode.c.objc; path = FHImageCache.m; sourceTree = "<group>"; };
		82C5944A18EBB3DF0027E2A3 /* timeline_rt_border.png */ = {isa = PBXFileReference; lastKnownFileType = image.png; path = timeline_rt_border.png; sourceTree = "<group>"; };
		82C5944B18EBB3DF0027E2A3 /* timeline_rt_border@2x.png */ = {isa = PBXFileReference; lastKnownFileType = image.png; path = "timeline_rt_border@2x.png"; sourceTree = "<group>"; };
		82C5945B18F38C760027E2A3 /* timeline_comment_count_icon.png */ = {isa = PBXFileReference; lastKnownFileType = image.png; path = timeline_comment_count_icon.png; sourceTree = "<group>"; };
		82C5945C18F38C760027E2A3 /* timeline_comment_count_icon@2x.png */ = {isa = PBXFileReference; lastKnownFileType = image.png; path = "timeline_comment_count_icon@2x.png"; sourceTree = "<group>"; };
		82C5945D18F38C760027E2A3 /* timeline_detail_border.png */ = {isa = PBXFileReference; lastKnownFileType = image.png; path = timeline_detail_border.png; sourceTree = "<group>"; };
		82C5945E18F38C760027E2A3 /* timeline_detail_border@2x.png */ = {isa = PBXFileReference; lastKnownFileType = image.png; path = "timeline_detail_border@2x.png"; sourceTree = "<group>"; };
		82C5945F18F38C760027E2A3 /* timeline_retweet_count_icon.png */ = {isa = PBXFileReference; lastKnownFileType = image.png; path = timeline_retweet_count_icon.png; sourceTree = "<group>"; };
		82C5946018F38C760027E2A3 /* timeline_retweet_count_icon@2x.png */ = {isa = PBXFileReference; lastKnownFileType = image.png; path = "timeline_retweet_count_icon@2x.png"; sourceTree = "<group>"; };
		82C5946D18F3D7F10027E2A3 /* FHOPViewController.h */ = {isa = PBXFileReference; fileEncoding = 4; lastKnownFileType = sourcecode.c.h; path = FHOPViewController.h; sourceTree = "<group>"; };
		82C5946E18F3D7F10027E2A3 /* FHOPViewController.m */ = {isa = PBXFileReference; fileEncoding = 4; lastKnownFileType = sourcecode.c.objc; path = FHOPViewController.m; sourceTree = "<group>"; };
		82C5947018F51DEA0027E2A3 /* FHPostViewController.h */ = {isa = PBXFileReference; fileEncoding = 4; lastKnownFileType = sourcecode.c.h; path = FHPostViewController.h; sourceTree = "<group>"; };
		82C5947118F51DEA0027E2A3 /* FHPostViewController.m */ = {isa = PBXFileReference; fileEncoding = 4; lastKnownFileType = sourcecode.c.objc; path = FHPostViewController.m; sourceTree = "<group>"; };
		82C5947318F534F60027E2A3 /* FHCommentCell.h */ = {isa = PBXFileReference; fileEncoding = 4; lastKnownFileType = sourcecode.c.h; name = FHCommentCell.h; path = Weirdo/UI/FHCommentCell.h; sourceTree = SOURCE_ROOT; };
		82C5947418F534F60027E2A3 /* FHCommentCell.m */ = {isa = PBXFileReference; fileEncoding = 4; lastKnownFileType = sourcecode.c.objc; name = FHCommentCell.m; path = Weirdo/UI/FHCommentCell.m; sourceTree = SOURCE_ROOT; };
/* End PBXFileReference section */

/* Begin PBXFrameworksBuildPhase section */
		820F827C18D7D8DF00D3C05D /* Frameworks */ = {
			isa = PBXFrameworksBuildPhase;
			buildActionMask = 2147483647;
			files = (
				820F828518D7D8DF00D3C05D /* CoreGraphics.framework in Frameworks */,
				820F828718D7D8DF00D3C05D /* UIKit.framework in Frameworks */,
				820F828318D7D8DF00D3C05D /* Foundation.framework in Frameworks */,
			);
			runOnlyForDeploymentPostprocessing = 0;
		};
		820F82A018D7D8DF00D3C05D /* Frameworks */ = {
			isa = PBXFrameworksBuildPhase;
			buildActionMask = 2147483647;
			files = (
				820F82A518D7D8DF00D3C05D /* XCTest.framework in Frameworks */,
				820F82A718D7D8DF00D3C05D /* UIKit.framework in Frameworks */,
				820F82A618D7D8DF00D3C05D /* Foundation.framework in Frameworks */,
			);
			runOnlyForDeploymentPostprocessing = 0;
		};
/* End PBXFrameworksBuildPhase section */

/* Begin PBXGroup section */
		0F1FFD3C18FC18C20038502B /* FHImageScrollView */ = {
			isa = PBXGroup;
			children = (
				0F1FFD3D18FC18FE0038502B /* FHImageScrollView.h */,
				0F1FFD3E18FC18FE0038502B /* FHImageScrollView.m */,
				0F1FFD4A18FC304E0038502B /* FHSImageView.h */,
				0F1FFD4B18FC304E0038502B /* FHSImageView.m */,
			);
			path = FHImageScrollView;
			sourceTree = "<group>";
		};
		0F1FFD4018FC2FB90038502B /* FHContentImageView */ = {
			isa = PBXGroup;
			children = (
				0F1FFD4218FC2FE70038502B /* FHImageView.h */,
				0F1FFD4118FC2FE70038502B /* FHImageView.m */,
				0F1FFD4418FC2FE70038502B /* FHContentImageView.h */,
				0F1FFD4318FC2FE70038502B /* FHContentImageView.m */,
			);
			path = FHContentImageView;
			sourceTree = "<group>";
		};
		0F2D157918EAF64F00FBD443 /* SMPageControl */ = {
			isa = PBXGroup;
			children = (
				0F2D157A18EAF66200FBD443 /* SMPageControl.m */,
				0F2D157B18EAF66200FBD443 /* SMPageControl.h */,
			);
			path = SMPageControl;
			sourceTree = "<group>";
		};
		0F2D39AF18F5AA410062DA81 /* emotions */ = {
			isa = PBXGroup;
			children = (
				0F2D39B018F5AA410062DA81 /* emotionImage.plist */,
				0F2D39B118F5AA410062DA81 /* face10@2x.png */,
				0F2D39B218F5AA410062DA81 /* face11@2x.png */,
				0F2D39B318F5AA410062DA81 /* face12@2x.png */,
				0F2D39B418F5AA410062DA81 /* face13@2x.png */,
				0F2D39B518F5AA410062DA81 /* face14@2x.png */,
				0F2D39B618F5AA410062DA81 /* face15@2x.png */,
				0F2D39B718F5AA410062DA81 /* face16@2x.png */,
				0F2D39B818F5AA410062DA81 /* face17@2x.png */,
				0F2D39B918F5AA410062DA81 /* face18@2x.png */,
				0F2D39BA18F5AA410062DA81 /* face19@2x.png */,
				0F2D39BB18F5AA410062DA81 /* face1@2x.png */,
				0F2D39BC18F5AA410062DA81 /* face20@2x.png */,
				0F2D39BD18F5AA410062DA81 /* face21@2x.png */,
				0F2D39BE18F5AA410062DA81 /* face22@2x.png */,
				0F2D39BF18F5AA410062DA81 /* face23@2x.png */,
				0F2D39C018F5AA410062DA81 /* face24@2x.png */,
				0F2D39C118F5AA410062DA81 /* face25@2x.png */,
				0F2D39C218F5AA410062DA81 /* face26@2x.png */,
				0F2D39C318F5AA410062DA81 /* face27@2x.png */,
				0F2D39C418F5AA410062DA81 /* face28@2x.png */,
				0F2D39C518F5AA410062DA81 /* face29@2x.png */,
				0F2D39C618F5AA410062DA81 /* face2@2x.png */,
				0F2D39C718F5AA410062DA81 /* face30@2x.png */,
				0F2D39C818F5AA410062DA81 /* face31@2x.png */,
				0F2D39C918F5AA410062DA81 /* face32@2x.png */,
				0F2D39CA18F5AA410062DA81 /* face33@2x.png */,
				0F2D39CB18F5AA410062DA81 /* face34@2x.png */,
				0F2D39CC18F5AA410062DA81 /* face35@2x.png */,
				0F2D39CD18F5AA410062DA81 /* face36@2x.png */,
				0F2D39CE18F5AA410062DA81 /* face37@2x.png */,
				0F2D39CF18F5AA410062DA81 /* face38@2x.png */,
				0F2D39D018F5AA410062DA81 /* face39@2x.png */,
				0F2D39D118F5AA410062DA81 /* face3@2x.png */,
				0F2D39D218F5AA410062DA81 /* face40@2x.png */,
				0F2D39D318F5AA410062DA81 /* face41@2x.png */,
				0F2D39D418F5AA410062DA81 /* face42@2x.png */,
				0F2D39D518F5AA410062DA81 /* face43@2x.png */,
				0F2D39D618F5AA410062DA81 /* face44@2x.png */,
				0F2D39D718F5AA410062DA81 /* face45@2x.png */,
				0F2D39D818F5AA410062DA81 /* face46@2x.png */,
				0F2D39D918F5AA410062DA81 /* face47@2x.png */,
				0F2D39DA18F5AA410062DA81 /* face48@2x.png */,
				0F2D39DB18F5AA410062DA81 /* face49@2x.png */,
				0F2D39DC18F5AA410062DA81 /* face4@2x.png */,
				0F2D39DD18F5AA410062DA81 /* face50@2x.png */,
				0F2D39DE18F5AA410062DA81 /* face51@2x.png */,
				0F2D39DF18F5AA410062DA81 /* face52@2x.png */,
				0F2D39E018F5AA410062DA81 /* face53@2x.png */,
				0F2D39E118F5AA410062DA81 /* face54@2x.png */,
				0F2D39E218F5AA410062DA81 /* face55@2x.png */,
				0F2D39E318F5AA410062DA81 /* face56@2x.png */,
				0F2D39E418F5AA410062DA81 /* face57@2x.png */,
				0F2D39E518F5AA410062DA81 /* face58@2x.png */,
				0F2D39E618F5AA410062DA81 /* face59@2x.png */,
				0F2D39E718F5AA410062DA81 /* face5@2x.png */,
				0F2D39E818F5AA410062DA81 /* face60@2x.png */,
				0F2D39E918F5AA410062DA81 /* face61@2x.png */,
				0F2D39EA18F5AA410062DA81 /* face62@2x.png */,
				0F2D39EB18F5AA410062DA81 /* face63@2x.png */,
				0F2D39EC18F5AA410062DA81 /* face64@2x.png */,
				0F2D39ED18F5AA410062DA81 /* face65@2x.png */,
				0F2D39EE18F5AA410062DA81 /* face66@2x.png */,
				0F2D39EF18F5AA410062DA81 /* face67@2x.png */,
				0F2D39F018F5AA410062DA81 /* face68@2x.png */,
				0F2D39F118F5AA410062DA81 /* face69@2x.png */,
				0F2D39F218F5AA410062DA81 /* face6@2x.png */,
				0F2D39F318F5AA410062DA81 /* face70@2x.png */,
				0F2D39F418F5AA410062DA81 /* face71@2x.png */,
				0F2D39F518F5AA410062DA81 /* face72@2x.png */,
				0F2D39F618F5AA410062DA81 /* face73@2x.png */,
				0F2D39F718F5AA410062DA81 /* face74@2x.png */,
				0F2D39F818F5AA410062DA81 /* face75@2x.png */,
				0F2D39F918F5AA410062DA81 /* face76@2x.png */,
				0F2D39FA18F5AA410062DA81 /* face77@2x.png */,
				0F2D39FB18F5AA410062DA81 /* face78@2x.png */,
				0F2D39FC18F5AA410062DA81 /* face79@2x.png */,
				0F2D39FD18F5AA410062DA81 /* face7@2x.png */,
				0F2D39FE18F5AA410062DA81 /* face80@2x.png */,
				0F2D39FF18F5AA410062DA81 /* face81@2x.png */,
				0F2D3A0018F5AA410062DA81 /* face82@2x.png */,
				0F2D3A0118F5AA410062DA81 /* face83@2x.png */,
				0F2D3A0218F5AA410062DA81 /* face84@2x.png */,
				0F2D3A0318F5AA410062DA81 /* face8@2x.png */,
				0F2D3A0418F5AA410062DA81 /* face9@2x.png */,
			);
			path = emotions;
			sourceTree = "<group>";
		};
		0F2D3A5A18F5AAAA0062DA81 /* RCLabel */ = {
			isa = PBXGroup;
			children = (
				0F2D3A5D18F5AAAA0062DA81 /* RCLabel.h */,
				0F2D3A5E18F5AAAA0062DA81 /* RCLabel.m */,
			);
			path = RCLabel;
			sourceTree = "<group>";
		};
		0F2D3A6418F6F3F40062DA81 /* EGOTableViewPullRefresh */ = {
			isa = PBXGroup;
			children = (
				0F2D3A6518F6F3F40062DA81 /* Classes */,
				0F2D3A6E18F6F3F40062DA81 /* Resources */,
			);
			path = EGOTableViewPullRefresh;
			sourceTree = "<group>";
		};
		0F2D3A6518F6F3F40062DA81 /* Classes */ = {
			isa = PBXGroup;
			children = (
				0F2D3A6618F6F3F40062DA81 /* EGORefreshTableHeaderView.h */,
				0F2D3A6718F6F3F40062DA81 /* EGORefreshTableHeaderView.m */,
				0F2D3A6818F6F3F40062DA81 /* LoadMoreTableFooterView.h */,
				0F2D3A6918F6F3F40062DA81 /* LoadMoreTableFooterView.m */,
				0F2D3A6A18F6F3F40062DA81 /* MessageInterceptor.h */,
				0F2D3A6B18F6F3F40062DA81 /* MessageInterceptor.m */,
				0F2D3A6C18F6F3F40062DA81 /* PullTableView.h */,
				0F2D3A6D18F6F3F40062DA81 /* PullTableView.m */,
			);
			path = Classes;
			sourceTree = "<group>";
		};
		0F2D3A6E18F6F3F40062DA81 /* Resources */ = {
			isa = PBXGroup;
			children = (
				0F2D3A6F18F6F3F40062DA81 /* blackArrow.png */,
				0F2D3A7018F6F3F40062DA81 /* blackArrow@2x.png */,
				0F2D3A7118F6F3F40062DA81 /* blueArrow.png */,
				0F2D3A7218F6F3F40062DA81 /* blueArrow@2x.png */,
				0F2D3A7318F6F3F40062DA81 /* grayArrow.png */,
				0F2D3A7418F6F3F40062DA81 /* grayArrow@2x.png */,
				0F2D3A7518F6F3F40062DA81 /* whiteArrow.png */,
				0F2D3A7618F6F3F40062DA81 /* whiteArrow@2x.png */,
			);
			path = Resources;
			sourceTree = "<group>";
		};
		0F521D7218D8925F00250B3F /* resources */ = {
			isa = PBXGroup;
			children = (
				82A8782918FBBF4F00B1DEC5 /* default-568h@2x.png */,
				82A8782B18FBBF4F00B1DEC5 /* default@2x.png */,
				0FA4387218FEDEF500135AF3 /* FHURLConnection */,
				0F2D3A6418F6F3F40062DA81 /* EGOTableViewPullRefresh */,
				0F2D3A5A18F5AAAA0062DA81 /* RCLabel */,
				0F2D157918EAF64F00FBD443 /* SMPageControl */,
				821651EA18E926D20072C65C /* images */,
			);
			path = resources;
			sourceTree = "<group>";
		};
		0FA4387218FEDEF500135AF3 /* FHURLConnection */ = {
			isa = PBXGroup;
			children = (
				0FA4387318FEDEF500135AF3 /* FHConnectionLog.h */,
				0FA4387418FEDEF500135AF3 /* FHConnectionLog.m */,
				0FA4387518FEDEF500135AF3 /* FHConnectionParse.h */,
				0FA4387618FEDEF500135AF3 /* FHConnectionParse.m */,
				0FA4387718FEDEF500135AF3 /* FHURLConnection.h */,
				0FA4387818FEDEF500135AF3 /* FHURLConnection.m */,
				0FA4387918FEDEF500135AF3 /* Reachability */,
			);
			path = FHURLConnection;
			sourceTree = "<group>";
		};
		0FA4387918FEDEF500135AF3 /* Reachability */ = {
			isa = PBXGroup;
			children = (
				0FA4387A18FEDEF500135AF3 /* Reachability.h */,
				0FA4387B18FEDEF500135AF3 /* Reachability.m */,
			);
			path = Reachability;
			sourceTree = "<group>";
		};
		820F827618D7D8DF00D3C05D = {
			isa = PBXGroup;
			children = (
				820F828818D7D8DF00D3C05D /* Weirdo */,
				820F82AA18D7D8DF00D3C05D /* WeirdoTests */,
				820F828118D7D8DF00D3C05D /* Frameworks */,
				820F828018D7D8DF00D3C05D /* Products */,
			);
			sourceTree = "<group>";
		};
		820F828018D7D8DF00D3C05D /* Products */ = {
			isa = PBXGroup;
			children = (
				820F827F18D7D8DF00D3C05D /* Weirdo.app */,
				820F82A318D7D8DF00D3C05D /* WeirdoTests.xctest */,
			);
			name = Products;
			sourceTree = "<group>";
		};
		820F828118D7D8DF00D3C05D /* Frameworks */ = {
			isa = PBXGroup;
			children = (
				820F828218D7D8DF00D3C05D /* Foundation.framework */,
				820F828418D7D8DF00D3C05D /* CoreGraphics.framework */,
				820F828618D7D8DF00D3C05D /* UIKit.framework */,
				820F82A418D7D8DF00D3C05D /* XCTest.framework */,
			);
			name = Frameworks;
			sourceTree = "<group>";
		};
		820F828818D7D8DF00D3C05D /* Weirdo */ = {
			isa = PBXGroup;
			children = (
				820F829118D7D8DF00D3C05D /* FHAppDelegate.h */,
				820F829218D7D8DF00D3C05D /* FHAppDelegate.m */,
				820F829418D7D8DF00D3C05D /* Main.storyboard */,
				820F82CF18D92FEC00D3C05D /* HomeView */,
				820F829718D7D8DF00D3C05D /* FHFirstViewController.h */,
				820F829818D7D8DF00D3C05D /* FHFirstViewController.m */,
				82A8782F18FBD2DF00B1DEC5 /* FHWebViewController.h */,
				82A8783018FBD2DF00B1DEC5 /* FHWebViewController.m */,
				82A9AF8818FCFDD000D25BDD /* FHUserViewController.h */,
				82A9AF8918FCFDD000D25BDD /* FHUserViewController.m */,
				82A7612618FE47350045E935 /* FHSettingInfoViewController.h */,
				82A7612718FE47350045E935 /* FHSettingInfoViewController.m */,
				8216520D18E928C30072C65C /* FHPost.h */,
				8216520E18E928C30072C65C /* FHPost.m */,
				8216520F18E928C30072C65C /* FHUsers.h */,
				8216521018E928C30072C65C /* FHUsers.m */,
				0F2A46FC18DAE28A00BCEC71 /* FHUser.h */,
				0F2A46FD18DAE28A00BCEC71 /* FHUser.m */,
				82C5944318EBA04E0027E2A3 /* FHImageCache.h */,
				82C5944418EBA04E0027E2A3 /* FHImageCache.m */,
				820F82C618D7F83900D3C05D /* FHWeiBoAPI.h */,
				820F82C718D7F83900D3C05D /* FHWeiBoAPI.m */,
				820F82C918D8069E00D3C05D /* FHConnectionInterationProperty.h */,
				820F82CA18D8069E00D3C05D /* FHConnectionInterationProperty.m */,
				82C5945118ED7B680027E2A3 /* UI */,
				820F829D18D7D8DF00D3C05D /* Images.xcassets */,
				0F521D7218D8925F00250B3F /* resources */,
				820F828918D7D8DF00D3C05D /* Supporting Files */,
			);
			path = Weirdo;
			sourceTree = "<group>";
		};
		820F828918D7D8DF00D3C05D /* Supporting Files */ = {
			isa = PBXGroup;
			children = (
				820F828A18D7D8DF00D3C05D /* Weirdo-Info.plist */,
				820F828B18D7D8DF00D3C05D /* InfoPlist.strings */,
				820F828E18D7D8DF00D3C05D /* main.m */,
				820F829018D7D8DF00D3C05D /* Weirdo-Prefix.pch */,
			);
			name = "Supporting Files";
			sourceTree = "<group>";
		};
		820F82AA18D7D8DF00D3C05D /* WeirdoTests */ = {
			isa = PBXGroup;
			children = (
				820F82B018D7D8DF00D3C05D /* WeirdoTests.m */,
				820F82AB18D7D8DF00D3C05D /* Supporting Files */,
			);
			path = WeirdoTests;
			sourceTree = "<group>";
		};
		820F82AB18D7D8DF00D3C05D /* Supporting Files */ = {
			isa = PBXGroup;
			children = (
				820F82AC18D7D8DF00D3C05D /* WeirdoTests-Info.plist */,
				820F82AD18D7D8DF00D3C05D /* InfoPlist.strings */,
			);
			name = "Supporting Files";
			sourceTree = "<group>";
		};
		820F82CF18D92FEC00D3C05D /* HomeView */ = {
			isa = PBXGroup;
			children = (
				820F82CC18D92FE100D3C05D /* FHHomeNavigationController.h */,
				820F82CD18D92FE100D3C05D /* FHHomeNavigationController.m */,
				820F82D318D934E400D3C05D /* FHHomePageViewController.h */,
				820F82D418D934E400D3C05D /* FHHomePageViewController.m */,
				0F2D3A8318F6F4F50062DA81 /* FHTimelineViewController.h */,
				0F2D3A8418F6F4F50062DA81 /* FHTimelineViewController.m */,
				82C5947018F51DEA0027E2A3 /* FHPostViewController.h */,
				82C5947118F51DEA0027E2A3 /* FHPostViewController.m */,
				82C5946D18F3D7F10027E2A3 /* FHOPViewController.h */,
				82C5946E18F3D7F10027E2A3 /* FHOPViewController.m */,
			);
			path = HomeView;
			sourceTree = "<group>";
		};
		821651EA18E926D20072C65C /* images */ = {
			isa = PBXGroup;
			children = (
				82BB19F618FFB1850095F6CB /* default_status_thumb@2x.png */,
				82BB19F418FFA1000095F6CB /* default_image@2x.png */,
				0FA4388618FEE5C700135AF3 /* setting@2x.png */,
				0FA4388418FEE55E00135AF3 /* userprofile@2x.png */,
				0FA4388018FEE1E300135AF3 /* userprofile_detail_border@2x.png */,
				0FA4388218FEE20600135AF3 /* setting_detail_border@2x.png */,
				82A9AF8618FCFA5A00D25BDD /* navigationbar_backItem@2x.png */,
				82A9AF8418FCFA3C00D25BDD /* navigationbar_sendItem@2x.png */,
				82A8782118FBA3DD00B1DEC5 /* navigationbar_bg-568h@2x.png */,
				82A8782218FBA3DD00B1DEC5 /* navigationbar_bg@2x.png */,
				821651FD18E928540072C65C /* tabbar_bg@2x.png */,
				0F2D39AF18F5AA410062DA81 /* emotions */,
				82C5944918EBB39E0027E2A3 /* timeline */,
			);
			path = images;
			sourceTree = "<group>";
		};
		82C5944918EBB39E0027E2A3 /* timeline */ = {
			isa = PBXGroup;
			children = (
				82A8782518FBAD4D00B1DEC5 /* timeline_vote_count_icon.png */,
				82A8782618FBAD4D00B1DEC5 /* timeline_vote_count_icon@2x.png */,
				82C5945B18F38C760027E2A3 /* timeline_comment_count_icon.png */,
				82C5945C18F38C760027E2A3 /* timeline_comment_count_icon@2x.png */,
				82C5945D18F38C760027E2A3 /* timeline_detail_border.png */,
				82C5945E18F38C760027E2A3 /* timeline_detail_border@2x.png */,
				82C5945F18F38C760027E2A3 /* timeline_retweet_count_icon.png */,
				82C5946018F38C760027E2A3 /* timeline_retweet_count_icon@2x.png */,
				82C5944A18EBB3DF0027E2A3 /* timeline_rt_border.png */,
				82C5944B18EBB3DF0027E2A3 /* timeline_rt_border@2x.png */,
			);
			path = timeline;
			sourceTree = "<group>";
		};
		82C5945118ED7B680027E2A3 /* UI */ = {
			isa = PBXGroup;
			children = (
				0F9954F318FE1EE1002F495D /* FHSUStatusBar.h */,
				0F9954F418FE1EE1002F495D /* FHSUStatusBar.m */,
				0F1FFD4018FC2FB90038502B /* FHContentImageView */,
				0F1FFD3C18FC18C20038502B /* FHImageScrollView */,
				82C5947318F534F60027E2A3 /* FHCommentCell.h */,
				82C5947418F534F60027E2A3 /* FHCommentCell.m */,
				0F1FFD4718FC2FF80038502B /* FHTimelinePostCell.h */,
				0F1FFD4818FC2FF80038502B /* FHTimelinePostCell.m */,
			);
			path = UI;
			sourceTree = "<group>";
		};
/* End PBXGroup section */

/* Begin PBXNativeTarget section */
		820F827E18D7D8DF00D3C05D /* Weirdo */ = {
			isa = PBXNativeTarget;
			buildConfigurationList = 820F82B418D7D8DF00D3C05D /* Build configuration list for PBXNativeTarget "Weirdo" */;
			buildPhases = (
				820F827B18D7D8DF00D3C05D /* Sources */,
				820F827C18D7D8DF00D3C05D /* Frameworks */,
				820F827D18D7D8DF00D3C05D /* Resources */,
			);
			buildRules = (
			);
			dependencies = (
			);
			name = Weirdo;
			productName = Weirdo;
			productReference = 820F827F18D7D8DF00D3C05D /* Weirdo.app */;
			productType = "com.apple.product-type.application";
		};
		820F82A218D7D8DF00D3C05D /* WeirdoTests */ = {
			isa = PBXNativeTarget;
			buildConfigurationList = 820F82B718D7D8DF00D3C05D /* Build configuration list for PBXNativeTarget "WeirdoTests" */;
			buildPhases = (
				820F829F18D7D8DF00D3C05D /* Sources */,
				820F82A018D7D8DF00D3C05D /* Frameworks */,
				820F82A118D7D8DF00D3C05D /* Resources */,
			);
			buildRules = (
			);
			dependencies = (
				820F82A918D7D8DF00D3C05D /* PBXTargetDependency */,
			);
			name = WeirdoTests;
			productName = WeirdoTests;
			productReference = 820F82A318D7D8DF00D3C05D /* WeirdoTests.xctest */;
			productType = "com.apple.product-type.bundle.unit-test";
		};
/* End PBXNativeTarget section */

/* Begin PBXProject section */
		820F827718D7D8DF00D3C05D /* Project object */ = {
			isa = PBXProject;
			attributes = {
				CLASSPREFIX = FH;
				LastUpgradeCheck = 0510;
				ORGANIZATIONNAME = FengHuan;
				TargetAttributes = {
					820F827E18D7D8DF00D3C05D = {
						DevelopmentTeam = NHK64K2QB4;
					};
					820F82A218D7D8DF00D3C05D = {
						TestTargetID = 820F827E18D7D8DF00D3C05D;
					};
				};
			};
			buildConfigurationList = 820F827A18D7D8DF00D3C05D /* Build configuration list for PBXProject "Weirdo" */;
			compatibilityVersion = "Xcode 3.2";
			developmentRegion = English;
			hasScannedForEncodings = 0;
			knownRegions = (
				en,
				Base,
				"zh-Hans",
			);
			mainGroup = 820F827618D7D8DF00D3C05D;
			productRefGroup = 820F828018D7D8DF00D3C05D /* Products */;
			projectDirPath = "";
			projectRoot = "";
			targets = (
				820F827E18D7D8DF00D3C05D /* Weirdo */,
				820F82A218D7D8DF00D3C05D /* WeirdoTests */,
			);
		};
/* End PBXProject section */

/* Begin PBXResourcesBuildPhase section */
		820F827D18D7D8DF00D3C05D /* Resources */ = {
			isa = PBXResourcesBuildPhase;
			buildActionMask = 2147483647;
			files = (
				0F2D3A0618F5AA410062DA81 /* face10@2x.png in Resources */,
				0F2D3A2718F5AA410062DA81 /* face40@2x.png in Resources */,
				0F2D3A2318F5AA410062DA81 /* face37@2x.png in Resources */,
				0F2D3A1818F5AA410062DA81 /* face27@2x.png in Resources */,
				0F2D3A7F18F6F3F40062DA81 /* grayArrow.png in Resources */,
				0F2D3A1A18F5AA410062DA81 /* face29@2x.png in Resources */,
				0F2D3A0F18F5AA410062DA81 /* face19@2x.png in Resources */,
				0F2D3A2018F5AA410062DA81 /* face34@2x.png in Resources */,
				820F829E18D7D8DF00D3C05D /* Images.xcassets in Resources */,
				0F2D3A5118F5AA410062DA81 /* face79@2x.png in Resources */,
				0F2D3A4918F5AA410062DA81 /* face71@2x.png in Resources */,
				0F2D3A4E18F5AA410062DA81 /* face76@2x.png in Resources */,
				0F2D3A1218F5AA410062DA81 /* face21@2x.png in Resources */,
				0F2D3A1718F5AA410062DA81 /* face26@2x.png in Resources */,
				0F2D3A2E18F5AA410062DA81 /* face47@2x.png in Resources */,
				0F2D3A0518F5AA410062DA81 /* emotionImage.plist in Resources */,
				82C5944D18EBB3DF0027E2A3 /* timeline_rt_border@2x.png in Resources */,
				0F2D3A4B18F5AA410062DA81 /* face73@2x.png in Resources */,
				0F2D3A7C18F6F3F40062DA81 /* blackArrow@2x.png in Resources */,
				82C5946318F38C760027E2A3 /* timeline_detail_border.png in Resources */,
				0F2D3A5518F5AA410062DA81 /* face82@2x.png in Resources */,
				0F2D3A3718F5AA410062DA81 /* face55@2x.png in Resources */,
				0F2D3A0C18F5AA410062DA81 /* face16@2x.png in Resources */,
				0FA4388518FEE55E00135AF3 /* userprofile@2x.png in Resources */,
				0F2D3A3F18F5AA410062DA81 /* face62@2x.png in Resources */,
				0F2D3A1918F5AA410062DA81 /* face28@2x.png in Resources */,
				0F2D3A8218F6F3F40062DA81 /* whiteArrow@2x.png in Resources */,
				0F2D3A2C18F5AA410062DA81 /* face45@2x.png in Resources */,
				0F2D3A3D18F5AA410062DA81 /* face60@2x.png in Resources */,
				0F2D3A3418F5AA410062DA81 /* face52@2x.png in Resources */,
				0F2D3A1E18F5AA410062DA81 /* face32@2x.png in Resources */,
				82BB19F718FFB1850095F6CB /* default_status_thumb@2x.png in Resources */,
				82A9AF8518FCFA3C00D25BDD /* navigationbar_sendItem@2x.png in Resources */,
				0F2D3A4518F5AA410062DA81 /* face68@2x.png in Resources */,
				820F828D18D7D8DF00D3C05D /* InfoPlist.strings in Resources */,
				0FA4388318FEE20600135AF3 /* setting_detail_border@2x.png in Resources */,
				82A8782418FBA3DD00B1DEC5 /* navigationbar_bg@2x.png in Resources */,
				82C5946518F38C760027E2A3 /* timeline_retweet_count_icon.png in Resources */,
				0F2D3A0B18F5AA410062DA81 /* face15@2x.png in Resources */,
				8216520518E928540072C65C /* tabbar_bg@2x.png in Resources */,
				0F2D3A3B18F5AA410062DA81 /* face59@2x.png in Resources */,
				0F2D3A2918F5AA410062DA81 /* face42@2x.png in Resources */,
				0F2D3A5218F5AA410062DA81 /* face7@2x.png in Resources */,
				0F2D3A8118F6F3F40062DA81 /* whiteArrow.png in Resources */,
				0F2D3A3818F5AA410062DA81 /* face56@2x.png in Resources */,
				0F2D3A5718F5AA410062DA81 /* face84@2x.png in Resources */,
				0F2D3A3E18F5AA410062DA81 /* face61@2x.png in Resources */,
				0F2D3A0D18F5AA410062DA81 /* face17@2x.png in Resources */,
				0F2D3A5818F5AA410062DA81 /* face8@2x.png in Resources */,
				0F2D3A4A18F5AA410062DA81 /* face72@2x.png in Resources */,
				82A9AF8718FCFA5A00D25BDD /* navigationbar_backItem@2x.png in Resources */,
				82C5946618F38C760027E2A3 /* timeline_retweet_count_icon@2x.png in Resources */,
				0F2D3A4418F5AA410062DA81 /* face67@2x.png in Resources */,
				0F2D3A4118F5AA410062DA81 /* face64@2x.png in Resources */,
				0F2D3A5018F5AA410062DA81 /* face78@2x.png in Resources */,
				0F2D3A3218F5AA410062DA81 /* face50@2x.png in Resources */,
				0F2D3A5918F5AA410062DA81 /* face9@2x.png in Resources */,
				0F2D3A3618F5AA410062DA81 /* face54@2x.png in Resources */,
				82C5946118F38C760027E2A3 /* timeline_comment_count_icon.png in Resources */,
				0F2D3A3018F5AA410062DA81 /* face49@2x.png in Resources */,
				0F2D3A4618F5AA410062DA81 /* face69@2x.png in Resources */,
				0FA4388118FEE1E300135AF3 /* userprofile_detail_border@2x.png in Resources */,
				0F2D3A0918F5AA410062DA81 /* face13@2x.png in Resources */,
				82C5944C18EBB3DF0027E2A3 /* timeline_rt_border.png in Resources */,
				0F2D3A3918F5AA410062DA81 /* face57@2x.png in Resources */,
				0F2D3A4218F5AA410062DA81 /* face65@2x.png in Resources */,
				82C5946418F38C760027E2A3 /* timeline_detail_border@2x.png in Resources */,
				0F2D3A2D18F5AA410062DA81 /* face46@2x.png in Resources */,
				0F2D3A1618F5AA410062DA81 /* face25@2x.png in Resources */,
				0F2D3A2518F5AA410062DA81 /* face39@2x.png in Resources */,
				0F2D3A3318F5AA410062DA81 /* face51@2x.png in Resources */,
				0F2D3A0718F5AA410062DA81 /* face11@2x.png in Resources */,
				0F2D3A1518F5AA410062DA81 /* face24@2x.png in Resources */,
				0F2D3A4C18F5AA410062DA81 /* face74@2x.png in Resources */,
				0F2D3A7B18F6F3F40062DA81 /* blackArrow.png in Resources */,
				0F2D3A4018F5AA410062DA81 /* face63@2x.png in Resources */,
				82A8782C18FBBF4F00B1DEC5 /* default-568h@2x.png in Resources */,
				0F2D3A1318F5AA410062DA81 /* face22@2x.png in Resources */,
				0F2D3A5318F5AA410062DA81 /* face80@2x.png in Resources */,
				82A8782718FBAD4D00B1DEC5 /* timeline_vote_count_icon.png in Resources */,
				820F829618D7D8DF00D3C05D /* Main.storyboard in Resources */,
				0F2D3A5618F5AA410062DA81 /* face83@2x.png in Resources */,
				0F2D3A4318F5AA410062DA81 /* face66@2x.png in Resources */,
				0F2D3A2B18F5AA410062DA81 /* face44@2x.png in Resources */,
				0F2D3A2418F5AA410062DA81 /* face38@2x.png in Resources */,
				0FA4388718FEE5C700135AF3 /* setting@2x.png in Resources */,
				0F2D3A2118F5AA410062DA81 /* face35@2x.png in Resources */,
				0F2D3A3118F5AA410062DA81 /* face4@2x.png in Resources */,
				0F2D3A0A18F5AA410062DA81 /* face14@2x.png in Resources */,
				0F2D3A1018F5AA410062DA81 /* face1@2x.png in Resources */,
				0F2D3A4D18F5AA410062DA81 /* face75@2x.png in Resources */,
				0F2D3A0E18F5AA410062DA81 /* face18@2x.png in Resources */,
				0F2D3A1418F5AA410062DA81 /* face23@2x.png in Resources */,
				0F2D3A4718F5AA410062DA81 /* face6@2x.png in Resources */,
				82A8782318FBA3DD00B1DEC5 /* navigationbar_bg-568h@2x.png in Resources */,
				0F2D3A2618F5AA410062DA81 /* face3@2x.png in Resources */,
				0F2D3A2F18F5AA410062DA81 /* face48@2x.png in Resources */,
				0F2D3A1F18F5AA410062DA81 /* face33@2x.png in Resources */,
				0F2D3A1118F5AA410062DA81 /* face20@2x.png in Resources */,
				0F2D3A1D18F5AA410062DA81 /* face31@2x.png in Resources */,
				0F2D3A2218F5AA410062DA81 /* face36@2x.png in Resources */,
				0F2D3A3C18F5AA410062DA81 /* face5@2x.png in Resources */,
				82BB19F518FFA1000095F6CB /* default_image@2x.png in Resources */,
				0F2D3A5418F5AA410062DA81 /* face81@2x.png in Resources */,
				0F2D3A2818F5AA410062DA81 /* face41@2x.png in Resources */,
				0F2D3A4F18F5AA410062DA81 /* face77@2x.png in Resources */,
				0F2D3A7E18F6F3F40062DA81 /* blueArrow@2x.png in Resources */,
				82A8782E18FBBF4F00B1DEC5 /* default@2x.png in Resources */,
				0F2D3A2A18F5AA410062DA81 /* face43@2x.png in Resources */,
				0F2D3A3A18F5AA410062DA81 /* face58@2x.png in Resources */,
				0F2D3A1C18F5AA410062DA81 /* face30@2x.png in Resources */,
				0F2D3A8018F6F3F40062DA81 /* grayArrow@2x.png in Resources */,
				0F2D3A0818F5AA410062DA81 /* face12@2x.png in Resources */,
				0F2D3A3518F5AA410062DA81 /* face53@2x.png in Resources */,
				0F2D3A1B18F5AA410062DA81 /* face2@2x.png in Resources */,
				0F2D3A7D18F6F3F40062DA81 /* blueArrow.png in Resources */,
				0F2D3A4818F5AA410062DA81 /* face70@2x.png in Resources */,
				82C5946218F38C760027E2A3 /* timeline_comment_count_icon@2x.png in Resources */,
				82A8782818FBAD4D00B1DEC5 /* timeline_vote_count_icon@2x.png in Resources */,
			);
			runOnlyForDeploymentPostprocessing = 0;
		};
		820F82A118D7D8DF00D3C05D /* Resources */ = {
			isa = PBXResourcesBuildPhase;
			buildActionMask = 2147483647;
			files = (
				820F82AF18D7D8DF00D3C05D /* InfoPlist.strings in Resources */,
			);
			runOnlyForDeploymentPostprocessing = 0;
		};
/* End PBXResourcesBuildPhase section */

/* Begin PBXSourcesBuildPhase section */
		820F827B18D7D8DF00D3C05D /* Sources */ = {
			isa = PBXSourcesBuildPhase;
			buildActionMask = 2147483647;
			files = (
				0F9954F518FE1EE1002F495D /* FHSUStatusBar.m in Sources */,
				82A9AF8A18FCFDD000D25BDD /* FHUserViewController.m in Sources */,
				0FA4387E18FEDEF500135AF3 /* FHURLConnection.m in Sources */,
				820F82D518D934E400D3C05D /* FHHomePageViewController.m in Sources */,
				820F82CE18D92FE100D3C05D /* FHHomeNavigationController.m in Sources */,
				0F1FFD4618FC2FE70038502B /* FHContentImageView.m in Sources */,
				82A7612818FE47350045E935 /* FHSettingInfoViewController.m in Sources */,
				0F2D3A7918F6F3F40062DA81 /* MessageInterceptor.m in Sources */,
				0FA4387D18FEDEF500135AF3 /* FHConnectionParse.m in Sources */,
				82C5947518F534F60027E2A3 /* FHCommentCell.m in Sources */,
				82C5944518EBA04E0027E2A3 /* FHImageCache.m in Sources */,
				0F1FFD4918FC2FF80038502B /* FHTimelinePostCell.m in Sources */,
				820F829318D7D8DF00D3C05D /* FHAppDelegate.m in Sources */,
				0F1FFD4C18FC304E0038502B /* FHSImageView.m in Sources */,
				820F82CB18D8069E00D3C05D /* FHConnectionInterationProperty.m in Sources */,
				82A8783118FBD2DF00B1DEC5 /* FHWebViewController.m in Sources */,
				0FA4387F18FEDEF500135AF3 /* Reachability.m in Sources */,
				8216521218E928C30072C65C /* FHUsers.m in Sources */,
				8216521118E928C30072C65C /* FHPost.m in Sources */,
				0FA4387C18FEDEF500135AF3 /* FHConnectionLog.m in Sources */,
				0F2A46FE18DAE28A00BCEC71 /* FHUser.m in Sources */,
				820F829918D7D8DF00D3C05D /* FHFirstViewController.m in Sources */,
				0F2D3A6018F5AAAA0062DA81 /* RCLabel.m in Sources */,
				0F1FFD4518FC2FE70038502B /* FHImageView.m in Sources */,
				82C5947218F51DEA0027E2A3 /* FHPostViewController.m in Sources */,
				0F2D3A8518F6F4F50062DA81 /* FHTimelineViewController.m in Sources */,
				820F828F18D7D8DF00D3C05D /* main.m in Sources */,
				0F2D3A7718F6F3F40062DA81 /* EGORefreshTableHeaderView.m in Sources */,
				820F82C818D7F83900D3C05D /* FHWeiBoAPI.m in Sources */,
				82C5946F18F3D7F10027E2A3 /* FHOPViewController.m in Sources */,
				0F2D157C18EAF66200FBD443 /* SMPageControl.m in Sources */,
				0F1FFD3F18FC18FE0038502B /* FHImageScrollView.m in Sources */,
				0F2D3A7A18F6F3F40062DA81 /* PullTableView.m in Sources */,
				0F2D3A7818F6F3F40062DA81 /* LoadMoreTableFooterView.m in Sources */,
			);
			runOnlyForDeploymentPostprocessing = 0;
		};
		820F829F18D7D8DF00D3C05D /* Sources */ = {
			isa = PBXSourcesBuildPhase;
			buildActionMask = 2147483647;
			files = (
				820F82B118D7D8DF00D3C05D /* WeirdoTests.m in Sources */,
			);
			runOnlyForDeploymentPostprocessing = 0;
		};
/* End PBXSourcesBuildPhase section */

/* Begin PBXTargetDependency section */
		820F82A918D7D8DF00D3C05D /* PBXTargetDependency */ = {
			isa = PBXTargetDependency;
			target = 820F827E18D7D8DF00D3C05D /* Weirdo */;
			targetProxy = 820F82A818D7D8DF00D3C05D /* PBXContainerItemProxy */;
		};
/* End PBXTargetDependency section */

/* Begin PBXVariantGroup section */
		820F828B18D7D8DF00D3C05D /* InfoPlist.strings */ = {
			isa = PBXVariantGroup;
			children = (
				820F828C18D7D8DF00D3C05D /* en */,
				820F82C318D7DF1800D3C05D /* zh-Hans */,
			);
			name = InfoPlist.strings;
			sourceTree = "<group>";
		};
		820F829418D7D8DF00D3C05D /* Main.storyboard */ = {
			isa = PBXVariantGroup;
			children = (
				820F829518D7D8DF00D3C05D /* Base */,
				820F82C218D7DF1800D3C05D /* zh-Hans */,
			);
			name = Main.storyboard;
			sourceTree = "<group>";
		};
		820F82AD18D7D8DF00D3C05D /* InfoPlist.strings */ = {
			isa = PBXVariantGroup;
			children = (
				820F82AE18D7D8DF00D3C05D /* en */,
				820F82C418D7DF1800D3C05D /* zh-Hans */,
			);
			name = InfoPlist.strings;
			sourceTree = "<group>";
		};
/* End PBXVariantGroup section */

/* Begin XCBuildConfiguration section */
		820F82B218D7D8DF00D3C05D /* Debug */ = {
			isa = XCBuildConfiguration;
			buildSettings = {
				ALWAYS_SEARCH_USER_PATHS = NO;
				CLANG_CXX_LANGUAGE_STANDARD = "gnu++0x";
				CLANG_CXX_LIBRARY = "libc++";
				CLANG_ENABLE_MODULES = YES;
				CLANG_ENABLE_OBJC_ARC = YES;
				CLANG_WARN_BOOL_CONVERSION = YES;
				CLANG_WARN_CONSTANT_CONVERSION = YES;
				CLANG_WARN_DIRECT_OBJC_ISA_USAGE = YES_ERROR;
				CLANG_WARN_EMPTY_BODY = YES;
				CLANG_WARN_ENUM_CONVERSION = YES;
				CLANG_WARN_INT_CONVERSION = YES;
				CLANG_WARN_OBJC_ROOT_CLASS = YES_ERROR;
				CLANG_WARN__DUPLICATE_METHOD_MATCH = YES;
				CODE_SIGN_IDENTITY = "iPhone Developer";
				"CODE_SIGN_IDENTITY[sdk=iphoneos*]" = "iPhone Developer";
				COPY_PHASE_STRIP = NO;
				GCC_C_LANGUAGE_STANDARD = gnu99;
				GCC_DYNAMIC_NO_PIC = NO;
				GCC_OPTIMIZATION_LEVEL = 0;
				GCC_PREPROCESSOR_DEFINITIONS = (
					"DEBUG=1",
					"$(inherited)",
				);
				GCC_SYMBOLS_PRIVATE_EXTERN = NO;
				GCC_WARN_64_TO_32_BIT_CONVERSION = YES;
				GCC_WARN_ABOUT_RETURN_TYPE = YES_ERROR;
				GCC_WARN_UNDECLARED_SELECTOR = YES;
				GCC_WARN_UNINITIALIZED_AUTOS = YES_AGGRESSIVE;
				GCC_WARN_UNUSED_FUNCTION = YES;
				GCC_WARN_UNUSED_VARIABLE = YES;
				IPHONEOS_DEPLOYMENT_TARGET = 6.0;
				ONLY_ACTIVE_ARCH = YES;
				SDKROOT = iphoneos;
			};
			name = Debug;
		};
		820F82B318D7D8DF00D3C05D /* Release */ = {
			isa = XCBuildConfiguration;
			buildSettings = {
				ALWAYS_SEARCH_USER_PATHS = NO;
				CLANG_CXX_LANGUAGE_STANDARD = "gnu++0x";
				CLANG_CXX_LIBRARY = "libc++";
				CLANG_ENABLE_MODULES = YES;
				CLANG_ENABLE_OBJC_ARC = YES;
				CLANG_WARN_BOOL_CONVERSION = YES;
				CLANG_WARN_CONSTANT_CONVERSION = YES;
				CLANG_WARN_DIRECT_OBJC_ISA_USAGE = YES_ERROR;
				CLANG_WARN_EMPTY_BODY = YES;
				CLANG_WARN_ENUM_CONVERSION = YES;
				CLANG_WARN_INT_CONVERSION = YES;
				CLANG_WARN_OBJC_ROOT_CLASS = YES_ERROR;
				CLANG_WARN__DUPLICATE_METHOD_MATCH = YES;
				CODE_SIGN_IDENTITY = "iPhone Distribution";
				"CODE_SIGN_IDENTITY[sdk=iphoneos*]" = "iPhone Distribution";
				COPY_PHASE_STRIP = YES;
				ENABLE_NS_ASSERTIONS = NO;
				GCC_C_LANGUAGE_STANDARD = gnu99;
				GCC_WARN_64_TO_32_BIT_CONVERSION = YES;
				GCC_WARN_ABOUT_RETURN_TYPE = YES_ERROR;
				GCC_WARN_UNDECLARED_SELECTOR = YES;
				GCC_WARN_UNINITIALIZED_AUTOS = YES_AGGRESSIVE;
				GCC_WARN_UNUSED_FUNCTION = YES;
				GCC_WARN_UNUSED_VARIABLE = YES;
				IPHONEOS_DEPLOYMENT_TARGET = 6.0;
				SDKROOT = iphoneos;
				VALIDATE_PRODUCT = YES;
			};
			name = Release;
		};
		820F82B518D7D8DF00D3C05D /* Debug */ = {
			isa = XCBuildConfiguration;
			buildSettings = {
				ASSETCATALOG_COMPILER_APPICON_NAME = AppIcon;
				ASSETCATALOG_COMPILER_LAUNCHIMAGE_NAME = LaunchImage;
				CODE_SIGN_IDENTITY = "iPhone Developer";
				"CODE_SIGN_IDENTITY[sdk=iphoneos*]" = "iPhone Developer";
				GCC_PRECOMPILE_PREFIX_HEADER = YES;
				GCC_PREFIX_HEADER = "Weirdo/Weirdo-Prefix.pch";
				INFOPLIST_FILE = "Weirdo/Weirdo-Info.plist";
				IPHONEOS_DEPLOYMENT_TARGET = 6.0;
				PRODUCT_NAME = "$(TARGET_NAME)";
				PROVISIONING_PROFILE = "";
				WRAPPER_EXTENSION = app;
			};
			name = Debug;
		};
		820F82B618D7D8DF00D3C05D /* Release */ = {
			isa = XCBuildConfiguration;
			buildSettings = {
				ASSETCATALOG_COMPILER_APPICON_NAME = AppIcon;
				ASSETCATALOG_COMPILER_LAUNCHIMAGE_NAME = LaunchImage;
				CODE_SIGN_IDENTITY = "iPhone Developer";
				"CODE_SIGN_IDENTITY[sdk=iphoneos*]" = "iPhone Developer";
				GCC_PRECOMPILE_PREFIX_HEADER = YES;
				GCC_PREFIX_HEADER = "Weirdo/Weirdo-Prefix.pch";
				INFOPLIST_FILE = "Weirdo/Weirdo-Info.plist";
				IPHONEOS_DEPLOYMENT_TARGET = 6.0;
				PRODUCT_NAME = "$(TARGET_NAME)";
				PROVISIONING_PROFILE = "";
				WRAPPER_EXTENSION = app;
			};
			name = Release;
		};
		820F82B818D7D8DF00D3C05D /* Debug */ = {
			isa = XCBuildConfiguration;
			buildSettings = {
				BUNDLE_LOADER = "$(BUILT_PRODUCTS_DIR)/Weirdo.app/Weirdo";
				FRAMEWORK_SEARCH_PATHS = (
					"$(SDKROOT)/Developer/Library/Frameworks",
					"$(inherited)",
					"$(DEVELOPER_FRAMEWORKS_DIR)",
				);
				GCC_PRECOMPILE_PREFIX_HEADER = YES;
				GCC_PREFIX_HEADER = "Weirdo/Weirdo-Prefix.pch";
				GCC_PREPROCESSOR_DEFINITIONS = (
					"DEBUG=1",
					"$(inherited)",
				);
				INFOPLIST_FILE = "WeirdoTests/WeirdoTests-Info.plist";
				PRODUCT_NAME = "$(TARGET_NAME)";
				TEST_HOST = "$(BUNDLE_LOADER)";
				WRAPPER_EXTENSION = xctest;
			};
			name = Debug;
		};
		820F82B918D7D8DF00D3C05D /* Release */ = {
			isa = XCBuildConfiguration;
			buildSettings = {
				BUNDLE_LOADER = "$(BUILT_PRODUCTS_DIR)/Weirdo.app/Weirdo";
				FRAMEWORK_SEARCH_PATHS = (
					"$(SDKROOT)/Developer/Library/Frameworks",
					"$(inherited)",
					"$(DEVELOPER_FRAMEWORKS_DIR)",
				);
				GCC_PRECOMPILE_PREFIX_HEADER = YES;
				GCC_PREFIX_HEADER = "Weirdo/Weirdo-Prefix.pch";
				INFOPLIST_FILE = "WeirdoTests/WeirdoTests-Info.plist";
				PRODUCT_NAME = "$(TARGET_NAME)";
				TEST_HOST = "$(BUNDLE_LOADER)";
				WRAPPER_EXTENSION = xctest;
			};
			name = Release;
		};
/* End XCBuildConfiguration section */

/* Begin XCConfigurationList section */
		820F827A18D7D8DF00D3C05D /* Build configuration list for PBXProject "Weirdo" */ = {
			isa = XCConfigurationList;
			buildConfigurations = (
				820F82B218D7D8DF00D3C05D /* Debug */,
				820F82B318D7D8DF00D3C05D /* Release */,
			);
			defaultConfigurationIsVisible = 0;
			defaultConfigurationName = Release;
		};
		820F82B418D7D8DF00D3C05D /* Build configuration list for PBXNativeTarget "Weirdo" */ = {
			isa = XCConfigurationList;
			buildConfigurations = (
				820F82B518D7D8DF00D3C05D /* Debug */,
				820F82B618D7D8DF00D3C05D /* Release */,
			);
			defaultConfigurationIsVisible = 0;
			defaultConfigurationName = Release;
		};
		820F82B718D7D8DF00D3C05D /* Build configuration list for PBXNativeTarget "WeirdoTests" */ = {
			isa = XCConfigurationList;
			buildConfigurations = (
				820F82B818D7D8DF00D3C05D /* Debug */,
				820F82B918D7D8DF00D3C05D /* Release */,
			);
			defaultConfigurationIsVisible = 0;
			defaultConfigurationName = Release;
		};
/* End XCConfigurationList section */
	};
	rootObject = 820F827718D7D8DF00D3C05D /* Project object */;
}
